{
  "version": 4,
  "terraform_version": "1.15.5",
  "serial": 219,
  "lineage": "96895419-be62-8a43-a5ec-989c46389044",
  "outputs": {
    "ip_privada_backend_1": {
      "value": "10.0.2.213",
      "type": "string"
    },
    "ip_privada_backend_2": {
      "value": "10.0.3.121",
      "type": "string"
    },
    "ip_privada_base_datos": {
      "value": "10.0.4.54",
      "type": "string"
    },
    "ip_publica_frontend": {
      "value": "32.193.80.13",
      "type": "string"
    }
  },
  "resources": [
    {
      "mode": "managed",
      "type": "aws_eip",
      "name": "eip_front",
      "provider": "provider[\"registry.terraform.io/hashicorp/aws\"]",
      "instances": [
        {
          "schema_version": 0,
          "attributes": {
            "address": null,
            "allocation_id": "eipalloc-04d631cb5dee7e757",
            "arn": "arn:aws:ec2:us-east-1:572392556337:elastic-ip/eipalloc-04d631cb5dee7e757",
            "associate_with_private_ip": null,
            "association_id": "eipassoc-003ecb5ebc76a580f",
            "carrier_ip": "",
            "customer_owned_ip": "",
            "customer_owned_ipv4_pool": "",
            "domain": "vpc",
            "id": "eipalloc-04d631cb5dee7e757",
            "instance": "i-0f532697a39d80aa5",
            "ipam_pool_id": null,
            "network_border_group": "us-east-1",
            "network_interface": "eni-032075719673f2766",
            "private_dns": "ip-10-0-1-93.ec2.internal",
            "private_ip": "10.0.1.93",
            "ptr_record": "",
            "public_dns": "ec2-32-193-80-13.compute-1.amazonaws.com",
            "public_ip": "32.193.80.13",
            "public_ipv4_pool": "amazon",
            "tags": null,
            "tags_all": {},
            "timeouts": null,
            "vpc": true
          },
          "sensitive_attributes": [],
          "identity_schema_version": 0,
          "private": "eyJlMmJmYjczMC1lY2FhLTExZTYtOGY4OC0zNDM2M2JjN2M0YzAiOnsiZGVsZXRlIjoxODAwMDAwMDAwMDAsInJlYWQiOjkwMDAwMDAwMDAwMCwidXBkYXRlIjozMDAwMDAwMDAwMDB9fQ==",
          "dependencies": [
            "aws_instance.ec2_frontend",
            "aws_key_pair.key_pair",
            "aws_security_group.sg_frontend",
            "aws_subnet.subred_front",
            "aws_vpc.vpc_principal",
            "tls_private_key.clave_ssh"
          ]
        }
      ]
    },
    {
      "mode": "managed",
      "type": "aws_eip",
      "name": "eip_nat",
      "provider": "provider[\"registry.terraform.io/hashicorp/aws\"]",
      "instances": [
        {
          "schema_version": 0,
          "attributes": {
            "address": null,
            "allocation_id": "eipalloc-0d6afd3ab51a5664a",
            "arn": "arn:aws:ec2:us-east-1:572392556337:elastic-ip/eipalloc-0d6afd3ab51a5664a",
            "associate_with_private_ip": null,
            "association_id": "",
            "carrier_ip": "",
            "customer_owned_ip": "",
            "customer_owned_ipv4_pool": "",
            "domain": "vpc",
            "id": "eipalloc-0d6afd3ab51a5664a",
            "instance": "",
            "ipam_pool_id": null,
            "network_border_group": "us-east-1",
            "network_interface": "",
            "private_dns": null,
            "private_ip": "",
            "ptr_record": "",
            "public_dns": "ec2-100-50-5-75.compute-1.amazonaws.com",
            "public_ip": "100.50.5.75",
            "public_ipv4_pool": "amazon",
            "tags": null,
            "tags_all": {},
            "timeouts": null,
            "vpc": true
          },
          "sensitive_attributes": [],
          "identity_schema_version": 0,
          "private": "eyJlMmJmYjczMC1lY2FhLTExZTYtOGY4OC0zNDM2M2JjN2M0YzAiOnsiZGVsZXRlIjoxODAwMDAwMDAwMDAsInJlYWQiOjkwMDAwMDAwMDAwMCwidXBkYXRlIjozMDAwMDAwMDAwMDB9fQ==",
          "dependencies": [
            "aws_internet_gateway.igw",
            "aws_vpc.vpc_principal"
          ]
        }
      ]
    },
    {
      "mode": "managed",
      "type": "aws_instance",
      "name": "ec2_backend_despachos",
      "provider": "provider[\"registry.terraform.io/hashicorp/aws\"]",
      "instances": [
        {
          "schema_version": 1,
          "attributes": {
            "ami": "ami-00e801948462f718a",
            "arn": "arn:aws:ec2:us-east-1:572392556337:instance/i-044e463abb272e5d3",
            "associate_public_ip_address": false,
            "availability_zone": "us-east-1a",
            "capacity_reservation_specification": [
              {
                "capacity_reservation_preference": "open",
                "capacity_reservation_target": []
              }
            ],
            "cpu_core_count": 1,
            "cpu_options": [
              {
                "amd_sev_snp": "",
                "core_count": 1,
                "threads_per_core": 2
              }
            ],
            "cpu_threads_per_core": 2,
            "credit_specification": [
              {
                "cpu_credits": "unlimited"
              }
            ],
            "disable_api_stop": false,
            "disable_api_termination": false,
            "ebs_block_device": [],
            "ebs_optimized": false,
            "enable_primary_ipv6": null,
            "enclave_options": [
              {
                "enabled": false
              }
            ],
            "ephemeral_block_device": [],
            "get_password_data": false,
            "hibernation": false,
            "host_id": "",
            "host_resource_group_arn": null,
            "iam_instance_profile": "",
            "id": "i-044e463abb272e5d3",
            "instance_initiated_shutdown_behavior": "stop",
            "instance_lifecycle": "",
            "instance_market_options": [],
            "instance_state": "running",
            "instance_type": "t3.micro",
            "ipv6_address_count": 0,
            "ipv6_addresses": [],
            "key_name": "clave-proyecto-4-capas",
            "launch_template": [],
            "maintenance_options": [
              {
                "auto_recovery": "default"
              }
            ],
            "metadata_options": [
              {
                "http_endpoint": "enabled",
                "http_protocol_ipv6": "disabled",
                "http_put_response_hop_limit": 2,
                "http_tokens": "required",
                "instance_metadata_tags": "disabled"
              }
            ],
            "monitoring": false,
            "network_interface": [],
            "outpost_arn": "",
            "password_data": "",
            "placement_group": "",
            "placement_partition_number": 0,
            "primary_network_interface_id": "eni-0bbf3e523412db7dc",
            "private_dns": "ip-10-0-3-121.ec2.internal",
            "private_dns_name_options": [
              {
                "enable_resource_name_dns_a_record": false,
                "enable_resource_name_dns_aaaa_record": false,
                "hostname_type": "ip-name"
              }
            ],
            "private_ip": "10.0.3.121",
            "public_dns": "",
            "public_ip": "",
            "root_block_device": [
              {
                "delete_on_termination": true,
                "device_name": "/dev/xvda",
                "encrypted": false,
                "iops": 3000,
                "kms_key_id": "",
                "tags": {},
                "tags_all": {},
                "throughput": 125,
                "volume_id": "vol-0eda39b9ff52a5a86",
                "volume_size": 8,
                "volume_type": "gp3"
              }
            ],
            "secondary_private_ips": [],
            "security_groups": [],
            "source_dest_check": true,
            "spot_instance_request_id": "",
            "subnet_id": "subnet-0352d5f5cea185400",
            "tags": {
              "Name": "ec2-backend-2"
            },
            "tags_all": {
              "Name": "ec2-backend-2"
            },
            "tenancy": "default",
            "timeouts": null,
            "user_data": "beaa7c16158e6b8cbcf186625a9f84d9347a8b76",
            "user_data_base64": null,
            "user_data_replace_on_change": false,
            "volume_tags": null,
            "vpc_security_group_ids": [
              "sg-0345fc4a6b708f2ad"
            ]
          },
          "sensitive_attributes": [],
          "identity_schema_version": 0,
          "private": "eyJlMmJmYjczMC1lY2FhLTExZTYtOGY4OC0zNDM2M2JjN2M0YzAiOnsiY3JlYXRlIjo2MDAwMDAwMDAwMDAsImRlbGV0ZSI6MTIwMDAwMDAwMDAwMCwicmVhZCI6OTAwMDAwMDAwMDAwLCJ1cGRhdGUiOjYwMDAwMDAwMDAwMH0sInNjaGVtYV92ZXJzaW9uIjoiMSJ9",
          "dependencies": [
            "aws_key_pair.key_pair",
            "aws_security_group.sg_backend_2",
            "aws_security_group.sg_frontend",
            "aws_subnet.subred_back2",
            "aws_vpc.vpc_principal",
            "tls_private_key.clave_ssh"
          ]
        }
      ]
    },
    {
      "mode": "managed",
      "type": "aws_instance",
      "name": "ec2_backend_ventas",
      "provider": "provider[\"registry.terraform.io/hashicorp/aws\"]",
      "instances": [
        {
          "schema_version": 1,
          "attributes": {
            "ami": "ami-00e801948462f718a",
            "arn": "arn:aws:ec2:us-east-1:572392556337:instance/i-04f2bcfa980d509d4",
            "associate_public_ip_address": false,
            "availability_zone": "us-east-1a",
            "capacity_reservation_specification": [
              {
                "capacity_reservation_preference": "open",
                "capacity_reservation_target": []
              }
            ],
            "cpu_core_count": 1,
            "cpu_options": [
              {
                "amd_sev_snp": "",
                "core_count": 1,
                "threads_per_core": 2
              }
            ],
            "cpu_threads_per_core": 2,
            "credit_specification": [
              {
                "cpu_credits": "unlimited"
              }
            ],
            "disable_api_stop": false,
            "disable_api_termination": false,
            "ebs_block_device": [],
            "ebs_optimized": false,
            "enable_primary_ipv6": null,
            "enclave_options": [
              {
                "enabled": false
              }
            ],
            "ephemeral_block_device": [],
            "get_password_data": false,
            "hibernation": false,
            "host_id": "",
            "host_resource_group_arn": null,
            "iam_instance_profile": "",
            "id": "i-04f2bcfa980d509d4",
            "instance_initiated_shutdown_behavior": "stop",
            "instance_lifecycle": "",
            "instance_market_options": [],
            "instance_state": "running",
            "instance_type": "t3.micro",
            "ipv6_address_count": 0,
            "ipv6_addresses": [],
            "key_name": "clave-proyecto-4-capas",
            "launch_template": [],
            "maintenance_options": [
              {
                "auto_recovery": "default"
              }
            ],
            "metadata_options": [
              {
                "http_endpoint": "enabled",
                "http_protocol_ipv6": "disabled",
                "http_put_response_hop_limit": 2,
                "http_tokens": "required",
                "instance_metadata_tags": "disabled"
              }
            ],
            "monitoring": false,
            "network_interface": [],
            "outpost_arn": "",
            "password_data": "",
            "placement_group": "",
            "placement_partition_number": 0,
            "primary_network_interface_id": "eni-01f7bb47ffe221b15",
            "private_dns": "ip-10-0-2-213.ec2.internal",
            "private_dns_name_options": [
              {
                "enable_resource_name_dns_a_record": false,
                "enable_resource_name_dns_aaaa_record": false,
                "hostname_type": "ip-name"
              }
            ],
            "private_ip": "10.0.2.213",
            "public_dns": "",
            "public_ip": "",
            "root_block_device": [
              {
                "delete_on_termination": true,
                "device_name": "/dev/xvda",
                "encrypted": false,
                "iops": 3000,
                "kms_key_id": "",
                "tags": {},
                "tags_all": {},
                "throughput": 125,
                "volume_id": "vol-0e68636cee24dfb78",
                "volume_size": 8,
                "volume_type": "gp3"
              }
            ],
            "secondary_private_ips": [],
            "security_groups": [],
            "source_dest_check": true,
            "spot_instance_request_id": "",
            "subnet_id": "subnet-0d55c192141a2b47c",
            "tags": {
              "Name": "ec2-backend-1"
            },
            "tags_all": {
              "Name": "ec2-backend-1"
            },
            "tenancy": "default",
            "timeouts": null,
            "user_data": "beaa7c16158e6b8cbcf186625a9f84d9347a8b76",
            "user_data_base64": null,
            "user_data_replace_on_change": false,
            "volume_tags": null,
            "vpc_security_group_ids": [
              "sg-074e01933d23aaa47"
            ]
          },
          "sensitive_attributes": [],
          "identity_schema_version": 0,
          "private": "eyJlMmJmYjczMC1lY2FhLTExZTYtOGY4OC0zNDM2M2JjN2M0YzAiOnsiY3JlYXRlIjo2MDAwMDAwMDAwMDAsImRlbGV0ZSI6MTIwMDAwMDAwMDAwMCwicmVhZCI6OTAwMDAwMDAwMDAwLCJ1cGRhdGUiOjYwMDAwMDAwMDAwMH0sInNjaGVtYV92ZXJzaW9uIjoiMSJ9",
          "dependencies": [
            "aws_key_pair.key_pair",
            "aws_security_group.sg_backend_1",
            "aws_security_group.sg_frontend",
            "aws_subnet.subred_back1",
            "aws_vpc.vpc_principal",
            "tls_private_key.clave_ssh"
          ]
        }
      ]
    },
    {
      "mode": "managed",
      "type": "aws_instance",
      "name": "ec2_datos",
      "provider": "provider[\"registry.terraform.io/hashicorp/aws\"]",
      "instances": [
        {
          "schema_version": 1,
          "attributes": {
            "ami": "ami-00e801948462f718a",
            "arn": "arn:aws:ec2:us-east-1:572392556337:instance/i-04c36ea4d822c9d9d",
            "associate_public_ip_address": false,
            "availability_zone": "us-east-1a",
            "capacity_reservation_specification": [
              {
                "capacity_reservation_preference": "open",
                "capacity_reservation_target": []
              }
            ],
            "cpu_core_count": 1,
            "cpu_options": [
              {
                "amd_sev_snp": "",
                "core_count": 1,
                "threads_per_core": 2
              }
            ],
            "cpu_threads_per_core": 2,
            "credit_specification": [
              {
                "cpu_credits": "unlimited"
              }
            ],
            "disable_api_stop": false,
            "disable_api_termination": false,
            "ebs_block_device": [],
            "ebs_optimized": false,
            "enable_primary_ipv6": null,
            "enclave_options": [
              {
                "enabled": false
              }
            ],
            "ephemeral_block_device": [],
            "get_password_data": false,
            "hibernation": false,
            "host_id": "",
            "host_resource_group_arn": null,
            "iam_instance_profile": "",
            "id": "i-04c36ea4d822c9d9d",
            "instance_initiated_shutdown_behavior": "stop",
            "instance_lifecycle": "",
            "instance_market_options": [],
            "instance_state": "running",
            "instance_type": "t3.micro",
            "ipv6_address_count": 0,
            "ipv6_addresses": [],
            "key_name": "clave-proyecto-4-capas",
            "launch_template": [],
            "maintenance_options": [
              {
                "auto_recovery": "default"
              }
            ],
            "metadata_options": [
              {
                "http_endpoint": "enabled",
                "http_protocol_ipv6": "disabled",
                "http_put_response_hop_limit": 2,
                "http_tokens": "required",
                "instance_metadata_tags": "disabled"
              }
            ],
            "monitoring": false,
            "network_interface": [],
            "outpost_arn": "",
            "password_data": "",
            "placement_group": "",
            "placement_partition_number": 0,
            "primary_network_interface_id": "eni-031bc35d7e8d8a3e5",
            "private_dns": "ip-10-0-4-54.ec2.internal",
            "private_dns_name_options": [
              {
                "enable_resource_name_dns_a_record": false,
                "enable_resource_name_dns_aaaa_record": false,
                "hostname_type": "ip-name"
              }
            ],
            "private_ip": "10.0.4.54",
            "public_dns": "",
            "public_ip": "",
            "root_block_device": [
              {
                "delete_on_termination": true,
                "device_name": "/dev/xvda",
                "encrypted": false,
                "iops": 3000,
                "kms_key_id": "",
                "tags": {},
                "tags_all": {},
                "throughput": 125,
                "volume_id": "vol-00720acb747272568",
                "volume_size": 8,
                "volume_type": "gp3"
              }
            ],
            "secondary_private_ips": [],
            "security_groups": [],
            "source_dest_check": true,
            "spot_instance_request_id": "",
            "subnet_id": "subnet-0f51f2082a146904e",
            "tags": {
              "Name": "ec2-base-datos"
            },
            "tags_all": {
              "Name": "ec2-base-datos"
            },
            "tenancy": "default",
            "timeouts": null,
            "user_data": "beaa7c16158e6b8cbcf186625a9f84d9347a8b76",
            "user_data_base64": null,
            "user_data_replace_on_change": false,
            "volume_tags": null,
            "vpc_security_group_ids": [
              "sg-039faff390f668ae8"
            ]
          },
          "sensitive_attributes": [],
          "identity_schema_version": 0,
          "private": "eyJlMmJmYjczMC1lY2FhLTExZTYtOGY4OC0zNDM2M2JjN2M0YzAiOnsiY3JlYXRlIjo2MDAwMDAwMDAwMDAsImRlbGV0ZSI6MTIwMDAwMDAwMDAwMCwicmVhZCI6OTAwMDAwMDAwMDAwLCJ1cGRhdGUiOjYwMDAwMDAwMDAwMH0sInNjaGVtYV92ZXJzaW9uIjoiMSJ9",
          "dependencies": [
            "aws_key_pair.key_pair",
            "aws_security_group.sg_backend_1",
            "aws_security_group.sg_backend_2",
            "aws_security_group.sg_datos",
            "aws_security_group.sg_frontend",
            "aws_subnet.subred_datos",
            "aws_vpc.vpc_principal",
            "tls_private_key.clave_ssh"
          ]
        }
      ]
    },
    {
      "mode": "managed",
      "type": "aws_instance",
      "name": "ec2_frontend",
      "provider": "provider[\"registry.terraform.io/hashicorp/aws\"]",
      "instances": [
        {
          "schema_version": 1,
          "attributes": {
            "ami": "ami-00e801948462f718a",
            "arn": "arn:aws:ec2:us-east-1:572392556337:instance/i-0f532697a39d80aa5",
            "associate_public_ip_address": true,
            "availability_zone": "us-east-1a",
            "capacity_reservation_specification": [
              {
                "capacity_reservation_preference": "open",
                "capacity_reservation_target": []
              }
            ],
            "cpu_core_count": 1,
            "cpu_options": [
              {
                "amd_sev_snp": "",
                "core_count": 1,
                "threads_per_core": 2
              }
            ],
            "cpu_threads_per_core": 2,
            "credit_specification": [
              {
                "cpu_credits": "unlimited"
              }
            ],
            "disable_api_stop": false,
            "disable_api_termination": false,
            "ebs_block_device": [],
            "ebs_optimized": false,
            "enable_primary_ipv6": null,
            "enclave_options": [
              {
                "enabled": false
              }
            ],
            "ephemeral_block_device": [],
            "get_password_data": false,
            "hibernation": false,
            "host_id": "",
            "host_resource_group_arn": null,
            "iam_instance_profile": "",
            "id": "i-0f532697a39d80aa5",
            "instance_initiated_shutdown_behavior": "stop",
            "instance_lifecycle": "",
            "instance_market_options": [],
            "instance_state": "running",
            "instance_type": "t3.micro",
            "ipv6_address_count": 0,
            "ipv6_addresses": [],
            "key_name": "clave-proyecto-4-capas",
            "launch_template": [],
            "maintenance_options": [
              {
                "auto_recovery": "default"
              }
            ],
            "metadata_options": [
              {
                "http_endpoint": "enabled",
                "http_protocol_ipv6": "disabled",
                "http_put_response_hop_limit": 2,
                "http_tokens": "required",
                "instance_metadata_tags": "disabled"
              }
            ],
            "monitoring": false,
            "network_interface": [],
            "outpost_arn": "",
            "password_data": "",
            "placement_group": "",
            "placement_partition_number": 0,
            "primary_network_interface_id": "eni-032075719673f2766",
            "private_dns": "ip-10-0-1-93.ec2.internal",
            "private_dns_name_options": [
              {
                "enable_resource_name_dns_a_record": false,
                "enable_resource_name_dns_aaaa_record": false,
                "hostname_type": "ip-name"
              }
            ],
            "private_ip": "10.0.1.93",
            "public_dns": "ec2-72-44-54-40.compute-1.amazonaws.com",
            "public_ip": "72.44.54.40",
            "root_block_device": [
              {
                "delete_on_termination": true,
                "device_name": "/dev/xvda",
                "encrypted": false,
                "iops": 3000,
                "kms_key_id": "",
                "tags": {},
                "tags_all": {},
                "throughput": 125,
                "volume_id": "vol-0102cb21270216214",
                "volume_size": 8,
                "volume_type": "gp3"
              }
            ],
            "secondary_private_ips": [],
            "security_groups": [],
            "source_dest_check": true,
            "spot_instance_request_id": "",
            "subnet_id": "subnet-0736c53fabbda7345",
            "tags": {
              "Name": "ec2-frontend"
            },
            "tags_all": {
              "Name": "ec2-frontend"
            },
            "tenancy": "default",
            "timeouts": null,
            "user_data": "beaa7c16158e6b8cbcf186625a9f84d9347a8b76",
            "user_data_base64": null,
            "user_data_replace_on_change": false,
            "volume_tags": null,
            "vpc_security_group_ids": [
              "sg-0cf00d38d551bd124"
            ]
          },
          "sensitive_attributes": [],
          "identity_schema_version": 0,
          "private": "eyJlMmJmYjczMC1lY2FhLTExZTYtOGY4OC0zNDM2M2JjN2M0YzAiOnsiY3JlYXRlIjo2MDAwMDAwMDAwMDAsImRlbGV0ZSI6MTIwMDAwMDAwMDAwMCwicmVhZCI6OTAwMDAwMDAwMDAwLCJ1cGRhdGUiOjYwMDAwMDAwMDAwMH0sInNjaGVtYV92ZXJzaW9uIjoiMSJ9",
          "dependencies": [
            "aws_key_pair.key_pair",
            "aws_security_group.sg_frontend",
            "aws_subnet.subred_front",
            "aws_vpc.vpc_principal",
            "tls_private_key.clave_ssh"
          ]
        }
      ]
    },
    {
      "mode": "managed",
      "type": "aws_internet_gateway",
      "name": "igw",
      "provider": "provider[\"registry.terraform.io/hashicorp/aws\"]",
      "instances": [
        {
          "schema_version": 0,
          "attributes": {
            "arn": "arn:aws:ec2:us-east-1:572392556337:internet-gateway/igw-00846ee1803a4bbb8",
            "id": "igw-00846ee1803a4bbb8",
            "owner_id": "572392556337",
            "tags": {
              "Name": "igw-principal"
            },
            "tags_all": {
              "Name": "igw-principal"
            },
            "timeouts": null,
            "vpc_id": "vpc-0a60bdda09731cacd"
          },
          "sensitive_attributes": [],
          "identity_schema_version": 0,
          "private": "eyJlMmJmYjczMC1lY2FhLTExZTYtOGY4OC0zNDM2M2JjN2M0YzAiOnsiY3JlYXRlIjoxMjAwMDAwMDAwMDAwLCJkZWxldGUiOjEyMDAwMDAwMDAwMDAsInVwZGF0ZSI6MTIwMDAwMDAwMDAwMH19",
          "dependencies": [
            "aws_vpc.vpc_principal"
          ]
        }
      ]
    },
    {
      "mode": "managed",
      "type": "aws_key_pair",
      "name": "key_pair",
      "provider": "provider[\"registry.terraform.io/hashicorp/aws\"]",
      "instances": [
        {
          "schema_version": 1,
          "attributes": {
            "arn": "arn:aws:ec2:us-east-1:572392556337:key-pair/clave-proyecto-4-capas",
            "fingerprint": "cf:6d:3b:a7:db:f4:74:6d:83:cf:d3:b3:ba:07:a7:1a",
            "id": "clave-proyecto-4-capas",
            "key_name": "clave-proyecto-4-capas",
            "key_name_prefix": "",
            "key_pair_id": "key-052c46bf458ebf514",
            "key_type": "rsa",
            "public_key": "ssh-rsa AAAAB3NzaC1yc2EAAAADAQABAAACAQC4V48Fj/1OOksrAVg/hw9NVOA6oKK0AvXpdALFTAogf2xnGs27x8SehfQPR5iCpO+SnmDSaN9223YnGky73DzKrX8XiVM5bb1bsQynUvkoUc3B/QFcOc8k0368cEVN5mWGPkhknVxLvKyU1xa5+9IgzydZEgiGe2ZMe8dEooHqwrhOZ0feBTaNya+WrWSymZMbafJSZ7QIioO2MCUNFANwmEgkja55hVs4ZtJIp9m2EVyuswGBE2Os9O/Rg62SLNEjCFlCSOWkgKiz9/I72ytyN7c8DY4vmwPUeektE8bgiWt0dIX+WqJabp0IY+7qk1mEgh8NHFaF1osnrZeWIsXOn++y5qM/IDVr+Z6VXx1qszRKXtpBHP02U2JtGN+F0RTJynx0KYVMkc8PtQBeNYiG5VoDReVZVu3BRPKZyrnQni24CMgXbnSpUYEyKhsZeqgSb4LddrlDJItMKWR3OwbCE26MxwPf+s03Py81Bb72tq8w6UIqBhzH459tgg0yg8ESY++ajcHMKip5f7bcjgCaD24O09SDwn9jATx9wwSdj6D7umIcq+qyPXMq3NpS711mgckR/5P/CO52MxTJKldbPxO/RH7jexP5HYsseoINlc65U4C1TxxUEd8IdFiWb0YZf7k7OJNKb+LV+eiREj+Oc+7y+qEfkG/aef28Next2w==",
            "tags": null,
            "tags_all": {}
          },
          "sensitive_attributes": [],
          "identity_schema_version": 0,
          "private": "eyJzY2hlbWFfdmVyc2lvbiI6IjEifQ==",
          "dependencies": [
            "tls_private_key.clave_ssh"
          ]
        }
      ]
    },
    {
      "mode": "managed",
      "type": "aws_nat_gateway",
      "name": "nat_gw",
      "provider": "provider[\"registry.terraform.io/hashicorp/aws\"]",
      "instances": [
        {
          "schema_version": 0,
          "attributes": {
            "allocation_id": "eipalloc-0d6afd3ab51a5664a",
            "association_id": "eipassoc-0923b87bd2cd5d65e",
            "connectivity_type": "public",
            "id": "nat-0ab83397c0fef9f47",
            "network_interface_id": "eni-06e89ee8e3a19dca9",
            "private_ip": "10.0.1.117",
            "public_ip": "100.50.5.75",
            "secondary_allocation_ids": null,
            "secondary_private_ip_address_count": 0,
            "secondary_private_ip_addresses": [],
            "subnet_id": "subnet-0736c53fabbda7345",
            "tags": {
              "Name": "nat-gateway"
            },
            "tags_all": {
              "Name": "nat-gateway"
            },
            "timeouts": null
          },
          "sensitive_attributes": [],
          "identity_schema_version": 0,
          "private": "eyJlMmJmYjczMC1lY2FhLTExZTYtOGY4OC0zNDM2M2JjN2M0YzAiOnsiY3JlYXRlIjo2MDAwMDAwMDAwMDAsImRlbGV0ZSI6MTgwMDAwMDAwMDAwMCwidXBkYXRlIjo2MDAwMDAwMDAwMDB9fQ==",
          "dependencies": [
            "aws_eip.eip_nat",
            "aws_internet_gateway.igw",
            "aws_subnet.subred_front",
            "aws_vpc.vpc_principal"
          ]
        }
      ]
    },
    {
      "mode": "managed",
      "type": "aws_route_table",
      "name": "rt_privada",
      "provider": "provider[\"registry.terraform.io/hashicorp/aws\"]",
      "instances": [
        {
          "schema_version": 0,
          "attributes": {
            "arn": "arn:aws:ec2:us-east-1:572392556337:route-table/rtb-0f8c8babab9674187",
            "id": "rtb-0f8c8babab9674187",
            "owner_id": "572392556337",
            "propagating_vgws": [],
            "route": [
              {
                "carrier_gateway_id": "",
                "cidr_block": "0.0.0.0/0",
                "core_network_arn": "",
                "destination_prefix_list_id": "",
                "egress_only_gateway_id": "",
                "gateway_id": "",
                "ipv6_cidr_block": "",
                "local_gateway_id": "",
                "nat_gateway_id": "nat-0ab83397c0fef9f47",
                "network_interface_id": "",
                "transit_gateway_id": "",
                "vpc_endpoint_id": "",
                "vpc_peering_connection_id": ""
              }
            ],
            "tags": {
              "Name": "rt-privada"
            },
            "tags_all": {
              "Name": "rt-privada"
            },
            "timeouts": null,
            "vpc_id": "vpc-0a60bdda09731cacd"
          },
          "sensitive_attributes": [],
          "identity_schema_version": 0,
          "private": "eyJlMmJmYjczMC1lY2FhLTExZTYtOGY4OC0zNDM2M2JjN2M0YzAiOnsiY3JlYXRlIjozMDAwMDAwMDAwMDAsImRlbGV0ZSI6MzAwMDAwMDAwMDAwLCJ1cGRhdGUiOjEyMDAwMDAwMDAwMH19",
          "dependencies": [
            "aws_eip.eip_nat",
            "aws_internet_gateway.igw",
            "aws_nat_gateway.nat_gw",
            "aws_subnet.subred_front",
            "aws_vpc.vpc_principal"
          ]
        }
      ]
    },
    {
      "mode": "managed",
      "type": "aws_route_table",
      "name": "rt_publica",
      "provider": "provider[\"registry.terraform.io/hashicorp/aws\"]",
      "instances": [
        {
          "schema_version": 0,
          "attributes": {
            "arn": "arn:aws:ec2:us-east-1:572392556337:route-table/rtb-0374ba2772d7b7ddd",
            "id": "rtb-0374ba2772d7b7ddd",
            "owner_id": "572392556337",
            "propagating_vgws": [],
            "route": [
              {
                "carrier_gateway_id": "",
                "cidr_block": "0.0.0.0/0",
                "core_network_arn": "",
                "destination_prefix_list_id": "",
                "egress_only_gateway_id": "",
                "gateway_id": "igw-00846ee1803a4bbb8",
                "ipv6_cidr_block": "",
                "local_gateway_id": "",
                "nat_gateway_id": "",
                "network_interface_id": "",
                "transit_gateway_id": "",
                "vpc_endpoint_id": "",
                "vpc_peering_connection_id": ""
              }
            ],
            "tags": {
              "Name": "rt-publica"
            },
            "tags_all": {
              "Name": "rt-publica"
            },
            "timeouts": null,
            "vpc_id": "vpc-0a60bdda09731cacd"
          },
          "sensitive_attributes": [],
          "identity_schema_version": 0,
          "private": "eyJlMmJmYjczMC1lY2FhLTExZTYtOGY4OC0zNDM2M2JjN2M0YzAiOnsiY3JlYXRlIjozMDAwMDAwMDAwMDAsImRlbGV0ZSI6MzAwMDAwMDAwMDAwLCJ1cGRhdGUiOjEyMDAwMDAwMDAwMH19",
          "dependencies": [
            "aws_internet_gateway.igw",
            "aws_vpc.vpc_principal"
          ]
        }
      ]
    },
    {
      "mode": "managed",
      "type": "aws_route_table_association",
      "name": "asoc_back1",
      "provider": "provider[\"registry.terraform.io/hashicorp/aws\"]",
      "instances": [
        {
          "schema_version": 0,
          "attributes": {
            "gateway_id": "",
            "id": "rtbassoc-0221c62dced41191d",
            "route_table_id": "rtb-0f8c8babab9674187",
            "subnet_id": "subnet-0d55c192141a2b47c",
            "timeouts": null
          },
          "sensitive_attributes": [],
          "identity_schema_version": 0,
          "private": "eyJlMmJmYjczMC1lY2FhLTExZTYtOGY4OC0zNDM2M2JjN2M0YzAiOnsiY3JlYXRlIjozMDAwMDAwMDAwMDAsImRlbGV0ZSI6MzAwMDAwMDAwMDAwLCJ1cGRhdGUiOjEyMDAwMDAwMDAwMH19",
          "dependencies": [
            "aws_eip.eip_nat",
            "aws_internet_gateway.igw",
            "aws_nat_gateway.nat_gw",
            "aws_route_table.rt_privada",
            "aws_subnet.subred_back1",
            "aws_subnet.subred_front",
            "aws_vpc.vpc_principal"
          ]
        }
      ]
    },
    {
      "mode": "managed",
      "type": "aws_route_table_association",
      "name": "asoc_back2",
      "provider": "provider[\"registry.terraform.io/hashicorp/aws\"]",
      "instances": [
        {
          "schema_version": 0,
          "attributes": {
            "gateway_id": "",
            "id": "rtbassoc-0326d8d026b6cae50",
            "route_table_id": "rtb-0f8c8babab9674187",
            "subnet_id": "subnet-0352d5f5cea185400",
            "timeouts": null
          },
          "sensitive_attributes": [],
          "identity_schema_version": 0,
          "private": "eyJlMmJmYjczMC1lY2FhLTExZTYtOGY4OC0zNDM2M2JjN2M0YzAiOnsiY3JlYXRlIjozMDAwMDAwMDAwMDAsImRlbGV0ZSI6MzAwMDAwMDAwMDAwLCJ1cGRhdGUiOjEyMDAwMDAwMDAwMH19",
          "dependencies": [
            "aws_eip.eip_nat",
            "aws_internet_gateway.igw",
            "aws_nat_gateway.nat_gw",
            "aws_route_table.rt_privada",
            "aws_subnet.subred_back2",
            "aws_subnet.subred_front",
            "aws_vpc.vpc_principal"
          ]
        }
      ]
    },
    {
      "mode": "managed",
      "type": "aws_route_table_association",
      "name": "asoc_datos",
      "provider": "provider[\"registry.terraform.io/hashicorp/aws\"]",
      "instances": [
        {
          "schema_version": 0,
          "attributes": {
            "gateway_id": "",
            "id": "rtbassoc-0e9b63186312c49fe",
            "route_table_id": "rtb-0f8c8babab9674187",
            "subnet_id": "subnet-0f51f2082a146904e",
            "timeouts": null
          },
          "sensitive_attributes": [],
          "identity_schema_version": 0,
          "private": "eyJlMmJmYjczMC1lY2FhLTExZTYtOGY4OC0zNDM2M2JjN2M0YzAiOnsiY3JlYXRlIjozMDAwMDAwMDAwMDAsImRlbGV0ZSI6MzAwMDAwMDAwMDAwLCJ1cGRhdGUiOjEyMDAwMDAwMDAwMH19",
          "dependencies": [
            "aws_eip.eip_nat",
            "aws_internet_gateway.igw",
            "aws_nat_gateway.nat_gw",
            "aws_route_table.rt_privada",
            "aws_subnet.subred_datos",
            "aws_subnet.subred_front",
            "aws_vpc.vpc_principal"
          ]
        }
      ]
    },
    {
      "mode": "managed",
      "type": "aws_route_table_association",
      "name": "asoc_front",
      "provider": "provider[\"registry.terraform.io/hashicorp/aws\"]",
      "instances": [
        {
          "schema_version": 0,
          "attributes": {
            "gateway_id": "",
            "id": "rtbassoc-09e01d203f4b0e1a8",
            "route_table_id": "rtb-0374ba2772d7b7ddd",
            "subnet_id": "subnet-0736c53fabbda7345",
            "timeouts": null
          },
          "sensitive_attributes": [],
          "identity_schema_version": 0,
          "private": "eyJlMmJmYjczMC1lY2FhLTExZTYtOGY4OC0zNDM2M2JjN2M0YzAiOnsiY3JlYXRlIjozMDAwMDAwMDAwMDAsImRlbGV0ZSI6MzAwMDAwMDAwMDAwLCJ1cGRhdGUiOjEyMDAwMDAwMDAwMH19",
          "dependencies": [
            "aws_internet_gateway.igw",
            "aws_route_table.rt_publica",
            "aws_subnet.subred_front",
            "aws_vpc.vpc_principal"
          ]
        }
      ]
    },
    {
      "mode": "managed",
      "type": "aws_security_group",
      "name": "sg_backend_1",
      "provider": "provider[\"registry.terraform.io/hashicorp/aws\"]",
      "instances": [
        {
          "schema_version": 1,
          "attributes": {
            "arn": "arn:aws:ec2:us-east-1:572392556337:security-group/sg-074e01933d23aaa47",
            "description": "Acceso exclusivo para el Backend 1",
            "egress": [
              {
                "cidr_blocks": [
                  "0.0.0.0/0"
                ],
                "description": "",
                "from_port": 0,
                "ipv6_cidr_blocks": [],
                "prefix_list_ids": [],
                "protocol": "-1",
                "security_groups": [],
                "self": false,
                "to_port": 0
              }
            ],
            "id": "sg-074e01933d23aaa47",
            "ingress": [
              {
                "cidr_blocks": [
                  "10.0.0.0/16"
                ],
                "description": "SSH interno",
                "from_port": 22,
                "ipv6_cidr_blocks": [],
                "prefix_list_ids": [],
                "protocol": "tcp",
                "security_groups": [],
                "self": false,
                "to_port": 22
              },
              {
                "cidr_blocks": [],
                "description": "API Ventas desde el Frontend",
                "from_port": 8080,
                "ipv6_cidr_blocks": [],
                "prefix_list_ids": [],
                "protocol": "tcp",
                "security_groups": [
                  "sg-0cf00d38d551bd124"
                ],
                "self": false,
                "to_port": 8080
              }
            ],
            "name": "sg_backend_1",
            "name_prefix": "",
            "owner_id": "572392556337",
            "revoke_rules_on_delete": false,
            "tags": null,
            "tags_all": {},
            "timeouts": null,
            "vpc_id": "vpc-0a60bdda09731cacd"
          },
          "sensitive_attributes": [],
          "identity_schema_version": 0,
          "private": "eyJlMmJmYjczMC1lY2FhLTExZTYtOGY4OC0zNDM2M2JjN2M0YzAiOnsiY3JlYXRlIjo2MDAwMDAwMDAwMDAsImRlbGV0ZSI6OTAwMDAwMDAwMDAwfSwic2NoZW1hX3ZlcnNpb24iOiIxIn0=",
          "dependencies": [
            "aws_security_group.sg_frontend",
            "aws_vpc.vpc_principal"
          ]
        }
      ]
    },
    {
      "mode": "managed",
      "type": "aws_security_group",
      "name": "sg_backend_2",
      "provider": "provider[\"registry.terraform.io/hashicorp/aws\"]",
      "instances": [
        {
          "schema_version": 1,
          "attributes": {
            "arn": "arn:aws:ec2:us-east-1:572392556337:security-group/sg-0345fc4a6b708f2ad",
            "description": "Acceso exclusivo para el Backend 2",
            "egress": [
              {
                "cidr_blocks": [
                  "0.0.0.0/0"
                ],
                "description": "",
                "from_port": 0,
                "ipv6_cidr_blocks": [],
                "prefix_list_ids": [],
                "protocol": "-1",
                "security_groups": [],
                "self": false,
                "to_port": 0
              }
            ],
            "id": "sg-0345fc4a6b708f2ad",
            "ingress": [
              {
                "cidr_blocks": [
                  "10.0.0.0/16"
                ],
                "description": "SSH interno",
                "from_port": 22,
                "ipv6_cidr_blocks": [],
                "prefix_list_ids": [],
                "protocol": "tcp",
                "security_groups": [],
                "self": false,
                "to_port": 22
              },
              {
                "cidr_blocks": [],
                "description": "API Despachos desde el Frontend",
                "from_port": 8080,
                "ipv6_cidr_blocks": [],
                "prefix_list_ids": [],
                "protocol": "tcp",
                "security_groups": [
                  "sg-0cf00d38d551bd124"
                ],
                "self": false,
                "to_port": 8080
              }
            ],
            "name": "sg_backend_2",
            "name_prefix": "",
            "owner_id": "572392556337",
            "revoke_rules_on_delete": false,
            "tags": null,
            "tags_all": {},
            "timeouts": null,
            "vpc_id": "vpc-0a60bdda09731cacd"
          },
          "sensitive_attributes": [],
          "identity_schema_version": 0,
          "private": "eyJlMmJmYjczMC1lY2FhLTExZTYtOGY4OC0zNDM2M2JjN2M0YzAiOnsiY3JlYXRlIjo2MDAwMDAwMDAwMDAsImRlbGV0ZSI6OTAwMDAwMDAwMDAwfSwic2NoZW1hX3ZlcnNpb24iOiIxIn0=",
          "dependencies": [
            "aws_security_group.sg_frontend",
            "aws_vpc.vpc_principal"
          ]
        }
      ]
    },
    {
      "mode": "managed",
      "type": "aws_security_group",
      "name": "sg_datos",
      "provider": "provider[\"registry.terraform.io/hashicorp/aws\"]",
      "instances": [
        {
          "schema_version": 1,
          "attributes": {
            "arn": "arn:aws:ec2:us-east-1:572392556337:security-group/sg-039faff390f668ae8",
            "description": "Acceso exclusivo desde los Backends",
            "egress": [
              {
                "cidr_blocks": [
                  "0.0.0.0/0"
                ],
                "description": "",
                "from_port": 0,
                "ipv6_cidr_blocks": [],
                "prefix_list_ids": [],
                "protocol": "-1",
                "security_groups": [],
                "self": false,
                "to_port": 0
              }
            ],
            "id": "sg-039faff390f668ae8",
            "ingress": [
              {
                "cidr_blocks": [
                  "10.0.0.0/16"
                ],
                "description": "SSH interno",
                "from_port": 22,
                "ipv6_cidr_blocks": [],
                "prefix_list_ids": [],
                "protocol": "tcp",
                "security_groups": [],
                "self": false,
                "to_port": 22
              },
              {
                "cidr_blocks": [],
                "description": "DB desde Backend 1",
                "from_port": 3306,
                "ipv6_cidr_blocks": [],
                "prefix_list_ids": [],
                "protocol": "tcp",
                "security_groups": [
                  "sg-074e01933d23aaa47"
                ],
                "self": false,
                "to_port": 3306
              },
              {
                "cidr_blocks": [],
                "description": "DB desde Backend 2",
                "from_port": 3306,
                "ipv6_cidr_blocks": [],
                "prefix_list_ids": [],
                "protocol": "tcp",
                "security_groups": [
                  "sg-0345fc4a6b708f2ad"
                ],
                "self": false,
                "to_port": 3306
              }
            ],
            "name": "sg_datos",
            "name_prefix": "",
            "owner_id": "572392556337",
            "revoke_rules_on_delete": false,
            "tags": null,
            "tags_all": {},
            "timeouts": null,
            "vpc_id": "vpc-0a60bdda09731cacd"
          },
          "sensitive_attributes": [],
          "identity_schema_version": 0,
          "private": "eyJlMmJmYjczMC1lY2FhLTExZTYtOGY4OC0zNDM2M2JjN2M0YzAiOnsiY3JlYXRlIjo2MDAwMDAwMDAwMDAsImRlbGV0ZSI6OTAwMDAwMDAwMDAwfSwic2NoZW1hX3ZlcnNpb24iOiIxIn0=",
          "dependencies": [
            "aws_security_group.sg_backend_1",
            "aws_security_group.sg_backend_2",
            "aws_security_group.sg_frontend",
            "aws_vpc.vpc_principal"
          ]
        }
      ]
    },
    {
      "mode": "managed",
      "type": "aws_security_group",
      "name": "sg_frontend",
      "provider": "provider[\"registry.terraform.io/hashicorp/aws\"]",
      "instances": [
        {
          "schema_version": 1,
          "attributes": {
            "arn": "arn:aws:ec2:us-east-1:572392556337:security-group/sg-0cf00d38d551bd124",
            "description": "Acceso para el Frontend desde Internet",
            "egress": [
              {
                "cidr_blocks": [
                  "0.0.0.0/0"
                ],
                "description": "",
                "from_port": 0,
                "ipv6_cidr_blocks": [],
                "prefix_list_ids": [],
                "protocol": "-1",
                "security_groups": [],
                "self": false,
                "to_port": 0
              }
            ],
            "id": "sg-0cf00d38d551bd124",
            "ingress": [
              {
                "cidr_blocks": [
                  "0.0.0.0/0"
                ],
                "description": "HTTP desde Internet",
                "from_port": 80,
                "ipv6_cidr_blocks": [],
                "prefix_list_ids": [],
                "protocol": "tcp",
                "security_groups": [],
                "self": false,
                "to_port": 80
              },
              {
                "cidr_blocks": [
                  "0.0.0.0/0"
                ],
                "description": "HTTPS desde Internet",
                "from_port": 443,
                "ipv6_cidr_blocks": [],
                "prefix_list_ids": [],
                "protocol": "tcp",
                "security_groups": [],
                "self": false,
                "to_port": 443
              },
              {
                "cidr_blocks": [
                  "0.0.0.0/0"
                ],
                "description": "SSH",
                "from_port": 22,
                "ipv6_cidr_blocks": [],
                "prefix_list_ids": [],
                "protocol": "tcp",
                "security_groups": [],
                "self": false,
                "to_port": 22
              }
            ],
            "name": "sg_frontend",
            "name_prefix": "",
            "owner_id": "572392556337",
            "revoke_rules_on_delete": false,
            "tags": null,
            "tags_all": {},
            "timeouts": null,
            "vpc_id": "vpc-0a60bdda09731cacd"
          },
          "sensitive_attributes": [],
          "identity_schema_version": 0,
          "private": "eyJlMmJmYjczMC1lY2FhLTExZTYtOGY4OC0zNDM2M2JjN2M0YzAiOnsiY3JlYXRlIjo2MDAwMDAwMDAwMDAsImRlbGV0ZSI6OTAwMDAwMDAwMDAwfSwic2NoZW1hX3ZlcnNpb24iOiIxIn0=",
          "dependencies": [
            "aws_vpc.vpc_principal"
          ]
        }
      ]
    },
    {
      "mode": "managed",
      "type": "aws_subnet",
      "name": "subred_back1",
      "provider": "provider[\"registry.terraform.io/hashicorp/aws\"]",
      "instances": [
        {
          "schema_version": 1,
          "attributes": {
            "arn": "arn:aws:ec2:us-east-1:572392556337:subnet/subnet-0d55c192141a2b47c",
            "assign_ipv6_address_on_creation": false,
            "availability_zone": "us-east-1a",
            "availability_zone_id": "use1-az4",
            "cidr_block": "10.0.2.0/24",
            "customer_owned_ipv4_pool": "",
            "enable_dns64": false,
            "enable_lni_at_device_index": 0,
            "enable_resource_name_dns_a_record_on_launch": false,
            "enable_resource_name_dns_aaaa_record_on_launch": false,
            "id": "subnet-0d55c192141a2b47c",
            "ipv6_cidr_block": "",
            "ipv6_cidr_block_association_id": "",
            "ipv6_native": false,
            "map_customer_owned_ip_on_launch": false,
            "map_public_ip_on_launch": false,
            "outpost_arn": "",
            "owner_id": "572392556337",
            "private_dns_hostname_type_on_launch": "ip-name",
            "tags": {
              "Name": "subred-backend1-privada"
            },
            "tags_all": {
              "Name": "subred-backend1-privada"
            },
            "timeouts": null,
            "vpc_id": "vpc-0a60bdda09731cacd"
          },
          "sensitive_attributes": [],
          "identity_schema_version": 0,
          "private": "eyJlMmJmYjczMC1lY2FhLTExZTYtOGY4OC0zNDM2M2JjN2M0YzAiOnsiY3JlYXRlIjo2MDAwMDAwMDAwMDAsImRlbGV0ZSI6MTIwMDAwMDAwMDAwMH0sInNjaGVtYV92ZXJzaW9uIjoiMSJ9",
          "dependencies": [
            "aws_vpc.vpc_principal"
          ]
        }
      ]
    },
    {
      "mode": "managed",
      "type": "aws_subnet",
      "name": "subred_back2",
      "provider": "provider[\"registry.terraform.io/hashicorp/aws\"]",
      "instances": [
        {
          "schema_version": 1,
          "attributes": {
            "arn": "arn:aws:ec2:us-east-1:572392556337:subnet/subnet-0352d5f5cea185400",
            "assign_ipv6_address_on_creation": false,
            "availability_zone": "us-east-1a",
            "availability_zone_id": "use1-az4",
            "cidr_block": "10.0.3.0/24",
            "customer_owned_ipv4_pool": "",
            "enable_dns64": false,
            "enable_lni_at_device_index": 0,
            "enable_resource_name_dns_a_record_on_launch": false,
            "enable_resource_name_dns_aaaa_record_on_launch": false,
            "id": "subnet-0352d5f5cea185400",
            "ipv6_cidr_block": "",
            "ipv6_cidr_block_association_id": "",
            "ipv6_native": false,
            "map_customer_owned_ip_on_launch": false,
            "map_public_ip_on_launch": false,
            "outpost_arn": "",
            "owner_id": "572392556337",
            "private_dns_hostname_type_on_launch": "ip-name",
            "tags": {
              "Name": "subred-backend2-privada"
            },
            "tags_all": {
              "Name": "subred-backend2-privada"
            },
            "timeouts": null,
            "vpc_id": "vpc-0a60bdda09731cacd"
          },
          "sensitive_attributes": [],
          "identity_schema_version": 0,
          "private": "eyJlMmJmYjczMC1lY2FhLTExZTYtOGY4OC0zNDM2M2JjN2M0YzAiOnsiY3JlYXRlIjo2MDAwMDAwMDAwMDAsImRlbGV0ZSI6MTIwMDAwMDAwMDAwMH0sInNjaGVtYV92ZXJzaW9uIjoiMSJ9",
          "dependencies": [
            "aws_vpc.vpc_principal"
          ]
        }
      ]
    },
    {
      "mode": "managed",
      "type": "aws_subnet",
      "name": "subred_datos",
      "provider": "provider[\"registry.terraform.io/hashicorp/aws\"]",
      "instances": [
        {
          "schema_version": 1,
          "attributes": {
            "arn": "arn:aws:ec2:us-east-1:572392556337:subnet/subnet-0f51f2082a146904e",
            "assign_ipv6_address_on_creation": false,
            "availability_zone": "us-east-1a",
            "availability_zone_id": "use1-az4",
            "cidr_block": "10.0.4.0/24",
            "customer_owned_ipv4_pool": "",
            "enable_dns64": false,
            "enable_lni_at_device_index": 0,
            "enable_resource_name_dns_a_record_on_launch": false,
            "enable_resource_name_dns_aaaa_record_on_launch": false,
            "id": "subnet-0f51f2082a146904e",
            "ipv6_cidr_block": "",
            "ipv6_cidr_block_association_id": "",
            "ipv6_native": false,
            "map_customer_owned_ip_on_launch": false,
            "map_public_ip_on_launch": false,
            "outpost_arn": "",
            "owner_id": "572392556337",
            "private_dns_hostname_type_on_launch": "ip-name",
            "tags": {
              "Name": "subred-datos-privada"
            },
            "tags_all": {
              "Name": "subred-datos-privada"
            },
            "timeouts": null,
            "vpc_id": "vpc-0a60bdda09731cacd"
          },
          "sensitive_attributes": [],
          "identity_schema_version": 0,
          "private": "eyJlMmJmYjczMC1lY2FhLTExZTYtOGY4OC0zNDM2M2JjN2M0YzAiOnsiY3JlYXRlIjo2MDAwMDAwMDAwMDAsImRlbGV0ZSI6MTIwMDAwMDAwMDAwMH0sInNjaGVtYV92ZXJzaW9uIjoiMSJ9",
          "dependencies": [
            "aws_vpc.vpc_principal"
          ]
        }
      ]
    },
    {
      "mode": "managed",
      "type": "aws_subnet",
      "name": "subred_front",
      "provider": "provider[\"registry.terraform.io/hashicorp/aws\"]",
      "instances": [
        {
          "schema_version": 1,
          "attributes": {
            "arn": "arn:aws:ec2:us-east-1:572392556337:subnet/subnet-0736c53fabbda7345",
            "assign_ipv6_address_on_creation": false,
            "availability_zone": "us-east-1a",
            "availability_zone_id": "use1-az4",
            "cidr_block": "10.0.1.0/24",
            "customer_owned_ipv4_pool": "",
            "enable_dns64": false,
            "enable_lni_at_device_index": 0,
            "enable_resource_name_dns_a_record_on_launch": false,
            "enable_resource_name_dns_aaaa_record_on_launch": false,
            "id": "subnet-0736c53fabbda7345",
            "ipv6_cidr_block": "",
            "ipv6_cidr_block_association_id": "",
            "ipv6_native": false,
            "map_customer_owned_ip_on_launch": false,
            "map_public_ip_on_launch": true,
            "outpost_arn": "",
            "owner_id": "572392556337",
            "private_dns_hostname_type_on_launch": "ip-name",
            "tags": {
              "Name": "subred-frontend-publica"
            },
            "tags_all": {
              "Name": "subred-frontend-publica"
            },
            "timeouts": null,
            "vpc_id": "vpc-0a60bdda09731cacd"
          },
          "sensitive_attributes": [],
          "identity_schema_version": 0,
          "private": "eyJlMmJmYjczMC1lY2FhLTExZTYtOGY4OC0zNDM2M2JjN2M0YzAiOnsiY3JlYXRlIjo2MDAwMDAwMDAwMDAsImRlbGV0ZSI6MTIwMDAwMDAwMDAwMH0sInNjaGVtYV92ZXJzaW9uIjoiMSJ9",
          "dependencies": [
            "aws_vpc.vpc_principal"
          ]
        }
      ]
    },
    {
      "mode": "managed",
      "type": "aws_vpc",
      "name": "vpc_principal",
      "provider": "provider[\"registry.terraform.io/hashicorp/aws\"]",
      "instances": [
        {
          "schema_version": 1,
          "attributes": {
            "arn": "arn:aws:ec2:us-east-1:572392556337:vpc/vpc-0a60bdda09731cacd",
            "assign_generated_ipv6_cidr_block": false,
            "cidr_block": "10.0.0.0/16",
            "default_network_acl_id": "acl-0293f3fd99e5da10b",
            "default_route_table_id": "rtb-0ed2af7ccd77a7e4c",
            "default_security_group_id": "sg-0f5c85d6e5dd4c606",
            "dhcp_options_id": "dopt-06c71b98defd657f3",
            "enable_dns_hostnames": true,
            "enable_dns_support": true,
            "enable_network_address_usage_metrics": false,
            "id": "vpc-0a60bdda09731cacd",
            "instance_tenancy": "default",
            "ipv4_ipam_pool_id": null,
            "ipv4_netmask_length": null,
            "ipv6_association_id": "",
            "ipv6_cidr_block": "",
            "ipv6_cidr_block_network_border_group": "",
            "ipv6_ipam_pool_id": "",
            "ipv6_netmask_length": 0,
            "main_route_table_id": "rtb-0ed2af7ccd77a7e4c",
            "owner_id": "572392556337",
            "tags": {
              "Name": "vpc-principal-4capas"
            },
            "tags_all": {
              "Name": "vpc-principal-4capas"
            }
          },
          "sensitive_attributes": [],
          "identity_schema_version": 0,
          "private": "eyJzY2hlbWFfdmVyc2lvbiI6IjEifQ=="
        }
      ]
    },
    {
      "mode": "managed",
      "type": "local_file",
      "name": "guardar_clave",
      "provider": "provider[\"registry.terraform.io/hashicorp/local\"]",
      "instances": [
        {
          "schema_version": 0,
          "attributes": {
            "content": "-----BEGIN RSA PRIVATE KEY-----\nMIIJKAIBAAKCAgEAuFePBY/9TjpLKwFYP4cPTVTgOqCitAL16XQCxUwKIH9sZxrN\nu8fEnoX0D0eYgqTvkp5g0mjfdtt2JxpMu9w8yq1/F4lTOW29W7EMp1L5KFHNwf0B\nXDnPJNN+vHBFTeZlhj5IZJ1cS7yslNcWufvSIM8nWRIIhntmTHvHRKKB6sK4TmdH\n3gU2jcmvlq1kspmTG2nyUme0CIqDtjAlDRQDcJhIJI2ueYVbOGbSSKfZthFcrrMB\ngRNjrPTv0YOtkizRIwhZQkjlpICos/fyO9srcje3PA2OL5sD1HnpLRPG4IlrdHSF\n/lqiWm6dCGPu6pNZhIIfDRxWhdaLJ62XliLFzp/vsuajPyA1a/melV8darM0Sl7a\nQRz9NlNibRjfhdEUycp8dCmFTJHPD7UAXjWIhuVaA0XlWVbtwUTymcq50J4tuAjI\nF250qVGBMiobGXqoEm+C3Xa5QySLTClkdzsGwhNujMcD3/rNNz8vNQW+9ravMOlC\nKgYcx+OfbYINMoPBEmPvmo3BzCoqeX+23I4Amg9uDtPUg8J/YwE8fcMEnY+g+7pi\nHKvqsj1zKtzaUu9dZoHJEf+T/wjudjMUySpXWz8Tv0R+43sT+R2LLHqCDZXOuVOA\ntU8cVBHfCHRYlm9GGX+5OziTSm/i1fnokRI/jnPu8vqhH5Bv2nn9vDXsbdsCAwEA\nAQKCAgAItjFES4eRNLBht2i4E9tqxanqdgtKY4tt6CAgun+4r8eWiyM8ORbMgRBw\nJRY1h7LqDxcMn+J+Uk/KovO2Zb7vux7y+ffsvQgXtw3IiI4i1CmGUz0cYn+swgak\nGXraUXBB1bFZI+tSiaJETx08AS/EgisItWahaF/aGc1ogR+PpyUg+2uKOAfZz+AU\nSFx7vkXqo+lM8KlcRU4v2Xr0G8Uv2IUsSQ/SSWBEEZk60B05/VG6eyuFMek3fsR9\n9nGeTgTnhBj9Hhx6145hdu8ZL2SQZhwAOAnHVoA/VdrprkdrTBiVF9P57xxAwX0l\nV4euc/PlObsFmm29BHnDZcZF/52xGe3k1wz4xWncYgkwLhomvlC9Gc2cE/TYxIRq\n23Z266YWhtZ/RgAJ7f94fcAZT2pIs4l3gq4tIPTzuDVIsCBuPaqsO8/YaE/GPk2h\nMrXMHBDU12rKL3LXPWwXy1DiD/WS0VfUw1GnMBqD3cncDQaD+b203iuHQ3sHigJ+\ncVXiZNTr3nKmldBNs+u2h9baD+TEGZtlQSlYEtD3XUktWqToPA82/PQWqO0bWMZ2\naO8Wh5DkwjGwZfIuyfwDdLnpC6XIxwmNhrlsXFr6y7FBjMNhVg6DhQbI9GXmspya\nfOqQssq1EQ0HUFl/nSra+msSDK8Az3vmGZQfqw0qb24BM15Q2QKCAQEA9bVsP8QK\n436EDwTFk34lmR6UhKvn0PqAuXFRndZ39f3lI7YXTNDikLfKi1WW9ZExlqccr+NQ\nNsJ0sP2mfiFuQyyt6a5lekqlXrxQ+BniQJdZA/HOm8ZVIxU66gRExUO+3YddPHqd\nU9XtuUDyLJvy63uV59G1+/2A6687/Yyk7925OnDFPdGjyyBB/gPaJigcqdlybzaN\nzqSw4+NBIqcCOBeIjG7Po1BFEjlyXiouvYzfDujRyxC0YqYzxDKYaXKpkzPiwwYI\nAPjVV+ORkrdHPcvsj5PI4hyFalEkFxsB8jU++7SpiThlo9GiTTQOcpojr6disNAO\n5Lac+2vbbVOmeQKCAQEAwBAj8NnYm8WfLHjQZC2Wz28Yn3pOT9w98LAfVYKqMM2e\nI1l7R6LT8Fx7Wmm8lgfv/99MBT9sdCCbrjMr6YyvfkOZi4Zlvt0HyRDTqq7kKy2l\n2fh+aFuVnFhctNfWlj+J62PWFLsBSpEuhkw6GJx6XtMDQlG17feg0AM42MVKTiQ7\nB+vvyvCR0m9WQBuFxHLWRscVflChVzeuzSQeYBCp9gjKqDvgoPi9/SICtwS3KIkv\nCmqqLEgowq1d4frFoFO8K3DVxh9K1Un6wqk5c8Mphc0Ur8mMWbJ5dmPogllJtdS0\nkaXz4/64qKbMKp0wqau2k8jNrRwOIqNkfIkzwNpx8wKCAQBA7Y4LU5yk/PuclGA5\nV25MBf6tCFgbqvZ1CnLMyK2ufUcdprKFg/U61LZbF2Tqw1FdRA+akvDRZ5U6Z+yl\nC+R9L8NNKt558Fu+qviidwSImPXWywETvNcmjCejSzl4/yvikjCbGLOWQcOt3nGg\nRB1vCJtWRN5YFmcI4KdzmsTC9c5KmR4l9c3YkU+e9hmhV5wrbeCFbt8OKgrsTVMa\n+xLlC6LzqRyJRV7bL/7+zxrG0ADpibBWfrWME+s9/zizNK+GzIExk9htmVOXA/Wl\n1XSn6ck7L4w3492FeKeWy3Y6MMPR862RKywAnBbNW+ItennPouW7X19wJKla7udu\n/lnRAoIBAE4eQoAUGyZAmx1bhmc4o757UWiMNo4E5qye9h+xpcdz2n5GRv48HDgH\nZaTAnRPo5pUMHb+ErHgPS0LvTU0RC9AvbqRxZbDb9e6yCWXC/MsTJgIiMEgB+Dg/\nOHXV1FIIRfCYCtsjtMK/ikzVdEvOWXd4HDs9QOIpdh8lMFn65N4jnl76d+3zK1yM\nLGimySG+E6l2ECfwY6811sNZjYFFRdvsd4E12YefpKbwzmniYRz7r0ZtXAnmz61f\nFnBzry4m4MJKgqiy0Z0vGe9TJSsQljL11xQoxg01qnGc8VUTPAfZHBihhzGUyUbP\nkPtENCbO0NQLOJzQbG9qRdTheUtXjkECggEBAPJ8grrAs6KtZn0DwN8CFhy06S6P\nFbe7L+hjsld61AYBZxXtCr3KZ/b76J4Suw26/20EA6bBE0yZOUTHrvXyks6vQ58g\npEVvjBLzHhen1qCXcCMhVz5BzsA4x2k+FnrZ7AbSRQX32/rKfqAmvuwSLlDxSQ8R\nFWLdLTKm+APtY+FrFpmRE0C5vuw+8/8qFfn2F6nuXL83bSsoMR4wTciK9BtCphxJ\nPAOeWoss7MAw5YgUH+jm62Yjv8fLe7bJj/t8WavK8ncNJOeV110KY4jyKHAT4ngW\nCVRz3/c/iUIalH4Cidloh/2npMYIvkcfiI8YLHv1ISTt3DWKqTKZn+pGfU4=\n-----END RSA PRIVATE KEY-----\n",
            "content_base64": null,
            "content_base64sha256": "B1uM9yXOEVkby+0P566hxct187oW0Bo9JWhTzvN+aEI=",
            "content_base64sha512": "1y00nz6JMHUs/ON9He2486BUkwqCn0uu+0Pzjv/HtH1aApidy0pcX543Lh6XhOAV3x9EtDJ3Zl78rHMhwVYFfA==",
            "content_md5": "3cf794d0e79c97482c20d54e79500ba2",
            "content_sha1": "8001d12da83678d4587cc9c5501ec30105658afd",
            "content_sha256": "075b8cf725ce11591bcbed0fe7aea1c5cb75f3ba16d01a3d256853cef37e6842",
            "content_sha512": "d72d349f3e8930752cfce37d1dedb8f3a054930a829f4baefb43f38effc7b47d5a02989dcb4a5c5f9e372e1e9784e015df1f44b43277665efcac7321c156057c",
            "directory_permission": "0777",
            "file_permission": "0400",
            "filename": "./clave-4-capas.pem",
            "id": "8001d12da83678d4587cc9c5501ec30105658afd",
            "sensitive_content": null,
            "source": null
          },
          "sensitive_attributes": [
            [
              {
                "type": "get_attr",
                "value": "content"
              }
            ],
            [
              {
                "type": "get_attr",
                "value": "sensitive_content"
              }
            ]
          ],
          "identity_schema_version": 0,
          "dependencies": [
            "tls_private_key.clave_ssh"
          ]
        }
      ]
    },
    {
      "mode": "managed",
      "type": "tls_private_key",
      "name": "clave_ssh",
      "provider": "provider[\"registry.terraform.io/hashicorp/tls\"]",
      "instances": [
        {
          "schema_version": 1,
          "attributes": {
            "algorithm": "RSA",
            "ecdsa_curve": "P224",
            "id": "3e419c6a6ba84adc849d7589e938ead2b9fd8c06",
            "private_key_openssh": "-----BEGIN OPENSSH PRIVATE KEY-----\nb3BlbnNzaC1rZXktdjEAAAAABG5vbmUAAAAEbm9uZQAAAAAAAAABAAACFwAAAAdz\nc2gtcnNhAAAAAwEAAQAAAgEAuFePBY/9TjpLKwFYP4cPTVTgOqCitAL16XQCxUwK\nIH9sZxrNu8fEnoX0D0eYgqTvkp5g0mjfdtt2JxpMu9w8yq1/F4lTOW29W7EMp1L5\nKFHNwf0BXDnPJNN+vHBFTeZlhj5IZJ1cS7yslNcWufvSIM8nWRIIhntmTHvHRKKB\n6sK4TmdH3gU2jcmvlq1kspmTG2nyUme0CIqDtjAlDRQDcJhIJI2ueYVbOGbSSKfZ\nthFcrrMBgRNjrPTv0YOtkizRIwhZQkjlpICos/fyO9srcje3PA2OL5sD1HnpLRPG\n4IlrdHSF/lqiWm6dCGPu6pNZhIIfDRxWhdaLJ62XliLFzp/vsuajPyA1a/melV8d\narM0Sl7aQRz9NlNibRjfhdEUycp8dCmFTJHPD7UAXjWIhuVaA0XlWVbtwUTymcq5\n0J4tuAjIF250qVGBMiobGXqoEm+C3Xa5QySLTClkdzsGwhNujMcD3/rNNz8vNQW+\n9ravMOlCKgYcx+OfbYINMoPBEmPvmo3BzCoqeX+23I4Amg9uDtPUg8J/YwE8fcME\nnY+g+7piHKvqsj1zKtzaUu9dZoHJEf+T/wjudjMUySpXWz8Tv0R+43sT+R2LLHqC\nDZXOuVOAtU8cVBHfCHRYlm9GGX+5OziTSm/i1fnokRI/jnPu8vqhH5Bv2nn9vDXs\nbdsAAAc4ktico5LYnKMAAAAHc3NoLXJzYQAAAgEAuFePBY/9TjpLKwFYP4cPTVTg\nOqCitAL16XQCxUwKIH9sZxrNu8fEnoX0D0eYgqTvkp5g0mjfdtt2JxpMu9w8yq1/\nF4lTOW29W7EMp1L5KFHNwf0BXDnPJNN+vHBFTeZlhj5IZJ1cS7yslNcWufvSIM8n\nWRIIhntmTHvHRKKB6sK4TmdH3gU2jcmvlq1kspmTG2nyUme0CIqDtjAlDRQDcJhI\nJI2ueYVbOGbSSKfZthFcrrMBgRNjrPTv0YOtkizRIwhZQkjlpICos/fyO9srcje3\nPA2OL5sD1HnpLRPG4IlrdHSF/lqiWm6dCGPu6pNZhIIfDRxWhdaLJ62XliLFzp/v\nsuajPyA1a/melV8darM0Sl7aQRz9NlNibRjfhdEUycp8dCmFTJHPD7UAXjWIhuVa\nA0XlWVbtwUTymcq50J4tuAjIF250qVGBMiobGXqoEm+C3Xa5QySLTClkdzsGwhNu\njMcD3/rNNz8vNQW+9ravMOlCKgYcx+OfbYINMoPBEmPvmo3BzCoqeX+23I4Amg9u\nDtPUg8J/YwE8fcMEnY+g+7piHKvqsj1zKtzaUu9dZoHJEf+T/wjudjMUySpXWz8T\nv0R+43sT+R2LLHqCDZXOuVOAtU8cVBHfCHRYlm9GGX+5OziTSm/i1fnokRI/jnPu\n8vqhH5Bv2nn9vDXsbdsAAAADAQABAAACAAi2MURLh5E0sGG3aLgT22rFqep2C0pj\ni23oICC6f7ivx5aLIzw5FsyBEHAlFjWHsuoPFwyf4n5ST8qi87Zlvu+7HvL59+y9\nCBe3DciIjiLUKYZTPRxif6zCBqQZetpRcEHVsVkj61KJokRPHTwBL8SCKwi1ZqFo\nX9oZzWiBH4+nJSD7a4o4B9nP4BRIXHu+Reqj6UzwqVxFTi/ZevQbxS/YhSxJD9JJ\nYEQRmTrQHTn9Ubp7K4Ux6Td+xH32cZ5OBOeEGP0eHHrXjmF27xkvZJBmHAA4CcdW\ngD9V2umuR2tMGJUX0/nvHEDBfSVXh65z8+U5uwWabb0EecNlxkX/nbEZ7eTXDPjF\nadxiCTAuGia+UL0ZzZwT9NjEhGrbdnbrphaG1n9GAAnt/3h9wBlPakiziXeCri0g\n9PO4NUiwIG49qqw7z9hoT8Y+TaEytcwcENTXasovctc9bBfLUOIP9ZLRV9TDUacw\nGoPdydwNBoP5vbTeK4dDeweKAn5xVeJk1OvecqaV0E2z67aH1toP5MQZm2VBKVgS\n0PddSS1apOg8Dzb89Bao7RtYxnZo7xaHkOTCMbBl8i7J/AN0uekLpcjHCY2GuWxc\nWvrLsUGMw2FWDoOFBsj0ZeaynJp86pCyyrURDQdQWX+dKtr6axIMrwDPe+YZlB+r\nDSpvbgEzXlDZAAABAQDyfIK6wLOirWZ9A8DfAhYctOkujxW3uy/oY7JXetQGAWcV\n7Qq9ymf2++ieErsNuv9tBAOmwRNMmTlEx6718pLOr0OfIKRFb4wS8x4Xp9agl3Aj\nIVc+Qc7AOMdpPhZ62ewG0kUF99v6yn6gJr7sEi5Q8UkPERVi3S0ypvgD7WPhaxaZ\nkRNAub7sPvP/KhX59hep7ly/N20rKDEeME3IivQbQqYcSTwDnlqLLOzAMOWIFB/o\n5utmI7/Hy3u2yY/7fFmryvJ3DSTnldddCmOI8ihwE+J4FglUc9/3P4lCGpR+AonZ\naIf9p6TGCL5HH4iPGCx79SEk7dw1iqkymZ/qRn1OAAABAQD1tWw/xArjfoQPBMWT\nfiWZHpSEq+fQ+oC5cVGd1nf1/eUjthdM0OKQt8qLVZb1kTGWpxyv41A2wnSw/aZ+\nIW5DLK3prmV6SqVevFD4GeJAl1kD8c6bxlUjFTrqBETFQ77dh108ep1T1e25QPIs\nm/Lre5Xn0bX7/YDrrzv9jKTv3bk6cMU90aPLIEH+A9omKByp2XJvNo3OpLDj40Ei\npwI4F4iMbs+jUEUSOXJeKi69jN8O6NHLELRipjPEMphpcqmTM+LDBggA+NVX45GS\nt0c9y+yPk8jiHIVqUSQXGwHyNT77tKmJOGWj0aJNNA5ymiOvp2Kw0A7ktpz7a9tt\nU6Z5AAABAQDAECPw2dibxZ8seNBkLZbPbxifek5P3D3wsB9VgqowzZ4jWXtHotPw\nXHtaabyWB+//30wFP2x0IJuuMyvpjK9+Q5mLhmW+3QfJENOqruQrLaXZ+H5oW5Wc\nWFy019aWP4nrY9YUuwFKkS6GTDoYnHpe0wNCUbXt96DQAzjYxUpOJDsH6+/K8JHS\nb1ZAG4XEctZGxxV+UKFXN67NJB5gEKn2CMqoO+Cg+L39IgK3BLcoiS8KaqosSCjC\nrV3h+sWgU7wrcNXGH0rVSfrCqTlzwymFzRSvyYxZsnl2Y+iCWUm11LSRpfPj/rio\npswqnTCpq7aTyM2tHA4io2R8iTPA2nHzAAAAAAEC\n-----END OPENSSH PRIVATE KEY-----\n",
            "private_key_pem": "-----BEGIN RSA PRIVATE KEY-----\nMIIJKAIBAAKCAgEAuFePBY/9TjpLKwFYP4cPTVTgOqCitAL16XQCxUwKIH9sZxrN\nu8fEnoX0D0eYgqTvkp5g0mjfdtt2JxpMu9w8yq1/F4lTOW29W7EMp1L5KFHNwf0B\nXDnPJNN+vHBFTeZlhj5IZJ1cS7yslNcWufvSIM8nWRIIhntmTHvHRKKB6sK4TmdH\n3gU2jcmvlq1kspmTG2nyUme0CIqDtjAlDRQDcJhIJI2ueYVbOGbSSKfZthFcrrMB\ngRNjrPTv0YOtkizRIwhZQkjlpICos/fyO9srcje3PA2OL5sD1HnpLRPG4IlrdHSF\n/lqiWm6dCGPu6pNZhIIfDRxWhdaLJ62XliLFzp/vsuajPyA1a/melV8darM0Sl7a\nQRz9NlNibRjfhdEUycp8dCmFTJHPD7UAXjWIhuVaA0XlWVbtwUTymcq50J4tuAjI\nF250qVGBMiobGXqoEm+C3Xa5QySLTClkdzsGwhNujMcD3/rNNz8vNQW+9ravMOlC\nKgYcx+OfbYINMoPBEmPvmo3BzCoqeX+23I4Amg9uDtPUg8J/YwE8fcMEnY+g+7pi\nHKvqsj1zKtzaUu9dZoHJEf+T/wjudjMUySpXWz8Tv0R+43sT+R2LLHqCDZXOuVOA\ntU8cVBHfCHRYlm9GGX+5OziTSm/i1fnokRI/jnPu8vqhH5Bv2nn9vDXsbdsCAwEA\nAQKCAgAItjFES4eRNLBht2i4E9tqxanqdgtKY4tt6CAgun+4r8eWiyM8ORbMgRBw\nJRY1h7LqDxcMn+J+Uk/KovO2Zb7vux7y+ffsvQgXtw3IiI4i1CmGUz0cYn+swgak\nGXraUXBB1bFZI+tSiaJETx08AS/EgisItWahaF/aGc1ogR+PpyUg+2uKOAfZz+AU\nSFx7vkXqo+lM8KlcRU4v2Xr0G8Uv2IUsSQ/SSWBEEZk60B05/VG6eyuFMek3fsR9\n9nGeTgTnhBj9Hhx6145hdu8ZL2SQZhwAOAnHVoA/VdrprkdrTBiVF9P57xxAwX0l\nV4euc/PlObsFmm29BHnDZcZF/52xGe3k1wz4xWncYgkwLhomvlC9Gc2cE/TYxIRq\n23Z266YWhtZ/RgAJ7f94fcAZT2pIs4l3gq4tIPTzuDVIsCBuPaqsO8/YaE/GPk2h\nMrXMHBDU12rKL3LXPWwXy1DiD/WS0VfUw1GnMBqD3cncDQaD+b203iuHQ3sHigJ+\ncVXiZNTr3nKmldBNs+u2h9baD+TEGZtlQSlYEtD3XUktWqToPA82/PQWqO0bWMZ2\naO8Wh5DkwjGwZfIuyfwDdLnpC6XIxwmNhrlsXFr6y7FBjMNhVg6DhQbI9GXmspya\nfOqQssq1EQ0HUFl/nSra+msSDK8Az3vmGZQfqw0qb24BM15Q2QKCAQEA9bVsP8QK\n436EDwTFk34lmR6UhKvn0PqAuXFRndZ39f3lI7YXTNDikLfKi1WW9ZExlqccr+NQ\nNsJ0sP2mfiFuQyyt6a5lekqlXrxQ+BniQJdZA/HOm8ZVIxU66gRExUO+3YddPHqd\nU9XtuUDyLJvy63uV59G1+/2A6687/Yyk7925OnDFPdGjyyBB/gPaJigcqdlybzaN\nzqSw4+NBIqcCOBeIjG7Po1BFEjlyXiouvYzfDujRyxC0YqYzxDKYaXKpkzPiwwYI\nAPjVV+ORkrdHPcvsj5PI4hyFalEkFxsB8jU++7SpiThlo9GiTTQOcpojr6disNAO\n5Lac+2vbbVOmeQKCAQEAwBAj8NnYm8WfLHjQZC2Wz28Yn3pOT9w98LAfVYKqMM2e\nI1l7R6LT8Fx7Wmm8lgfv/99MBT9sdCCbrjMr6YyvfkOZi4Zlvt0HyRDTqq7kKy2l\n2fh+aFuVnFhctNfWlj+J62PWFLsBSpEuhkw6GJx6XtMDQlG17feg0AM42MVKTiQ7\nB+vvyvCR0m9WQBuFxHLWRscVflChVzeuzSQeYBCp9gjKqDvgoPi9/SICtwS3KIkv\nCmqqLEgowq1d4frFoFO8K3DVxh9K1Un6wqk5c8Mphc0Ur8mMWbJ5dmPogllJtdS0\nkaXz4/64qKbMKp0wqau2k8jNrRwOIqNkfIkzwNpx8wKCAQBA7Y4LU5yk/PuclGA5\nV25MBf6tCFgbqvZ1CnLMyK2ufUcdprKFg/U61LZbF2Tqw1FdRA+akvDRZ5U6Z+yl\nC+R9L8NNKt558Fu+qviidwSImPXWywETvNcmjCejSzl4/yvikjCbGLOWQcOt3nGg\nRB1vCJtWRN5YFmcI4KdzmsTC9c5KmR4l9c3YkU+e9hmhV5wrbeCFbt8OKgrsTVMa\n+xLlC6LzqRyJRV7bL/7+zxrG0ADpibBWfrWME+s9/zizNK+GzIExk9htmVOXA/Wl\n1XSn6ck7L4w3492FeKeWy3Y6MMPR862RKywAnBbNW+ItennPouW7X19wJKla7udu\n/lnRAoIBAE4eQoAUGyZAmx1bhmc4o757UWiMNo4E5qye9h+xpcdz2n5GRv48HDgH\nZaTAnRPo5pUMHb+ErHgPS0LvTU0RC9AvbqRxZbDb9e6yCWXC/MsTJgIiMEgB+Dg/\nOHXV1FIIRfCYCtsjtMK/ikzVdEvOWXd4HDs9QOIpdh8lMFn65N4jnl76d+3zK1yM\nLGimySG+E6l2ECfwY6811sNZjYFFRdvsd4E12YefpKbwzmniYRz7r0ZtXAnmz61f\nFnBzry4m4MJKgqiy0Z0vGe9TJSsQljL11xQoxg01qnGc8VUTPAfZHBihhzGUyUbP\nkPtENCbO0NQLOJzQbG9qRdTheUtXjkECggEBAPJ8grrAs6KtZn0DwN8CFhy06S6P\nFbe7L+hjsld61AYBZxXtCr3KZ/b76J4Suw26/20EA6bBE0yZOUTHrvXyks6vQ58g\npEVvjBLzHhen1qCXcCMhVz5BzsA4x2k+FnrZ7AbSRQX32/rKfqAmvuwSLlDxSQ8R\nFWLdLTKm+APtY+FrFpmRE0C5vuw+8/8qFfn2F6nuXL83bSsoMR4wTciK9BtCphxJ\nPAOeWoss7MAw5YgUH+jm62Yjv8fLe7bJj/t8WavK8ncNJOeV110KY4jyKHAT4ngW\nCVRz3/c/iUIalH4Cidloh/2npMYIvkcfiI8YLHv1ISTt3DWKqTKZn+pGfU4=\n-----END RSA PRIVATE KEY-----\n",
            "private_key_pem_pkcs8": "-----BEGIN PRIVATE KEY-----\nMIIJQgIBADANBgkqhkiG9w0BAQEFAASCCSwwggkoAgEAAoICAQC4V48Fj/1OOksr\nAVg/hw9NVOA6oKK0AvXpdALFTAogf2xnGs27x8SehfQPR5iCpO+SnmDSaN9223Yn\nGky73DzKrX8XiVM5bb1bsQynUvkoUc3B/QFcOc8k0368cEVN5mWGPkhknVxLvKyU\n1xa5+9IgzydZEgiGe2ZMe8dEooHqwrhOZ0feBTaNya+WrWSymZMbafJSZ7QIioO2\nMCUNFANwmEgkja55hVs4ZtJIp9m2EVyuswGBE2Os9O/Rg62SLNEjCFlCSOWkgKiz\n9/I72ytyN7c8DY4vmwPUeektE8bgiWt0dIX+WqJabp0IY+7qk1mEgh8NHFaF1osn\nrZeWIsXOn++y5qM/IDVr+Z6VXx1qszRKXtpBHP02U2JtGN+F0RTJynx0KYVMkc8P\ntQBeNYiG5VoDReVZVu3BRPKZyrnQni24CMgXbnSpUYEyKhsZeqgSb4LddrlDJItM\nKWR3OwbCE26MxwPf+s03Py81Bb72tq8w6UIqBhzH459tgg0yg8ESY++ajcHMKip5\nf7bcjgCaD24O09SDwn9jATx9wwSdj6D7umIcq+qyPXMq3NpS711mgckR/5P/CO52\nMxTJKldbPxO/RH7jexP5HYsseoINlc65U4C1TxxUEd8IdFiWb0YZf7k7OJNKb+LV\n+eiREj+Oc+7y+qEfkG/aef28Next2wIDAQABAoICAAi2MURLh5E0sGG3aLgT22rF\nqep2C0pji23oICC6f7ivx5aLIzw5FsyBEHAlFjWHsuoPFwyf4n5ST8qi87Zlvu+7\nHvL59+y9CBe3DciIjiLUKYZTPRxif6zCBqQZetpRcEHVsVkj61KJokRPHTwBL8SC\nKwi1ZqFoX9oZzWiBH4+nJSD7a4o4B9nP4BRIXHu+Reqj6UzwqVxFTi/ZevQbxS/Y\nhSxJD9JJYEQRmTrQHTn9Ubp7K4Ux6Td+xH32cZ5OBOeEGP0eHHrXjmF27xkvZJBm\nHAA4CcdWgD9V2umuR2tMGJUX0/nvHEDBfSVXh65z8+U5uwWabb0EecNlxkX/nbEZ\n7eTXDPjFadxiCTAuGia+UL0ZzZwT9NjEhGrbdnbrphaG1n9GAAnt/3h9wBlPakiz\niXeCri0g9PO4NUiwIG49qqw7z9hoT8Y+TaEytcwcENTXasovctc9bBfLUOIP9ZLR\nV9TDUacwGoPdydwNBoP5vbTeK4dDeweKAn5xVeJk1OvecqaV0E2z67aH1toP5MQZ\nm2VBKVgS0PddSS1apOg8Dzb89Bao7RtYxnZo7xaHkOTCMbBl8i7J/AN0uekLpcjH\nCY2GuWxcWvrLsUGMw2FWDoOFBsj0ZeaynJp86pCyyrURDQdQWX+dKtr6axIMrwDP\ne+YZlB+rDSpvbgEzXlDZAoIBAQD1tWw/xArjfoQPBMWTfiWZHpSEq+fQ+oC5cVGd\n1nf1/eUjthdM0OKQt8qLVZb1kTGWpxyv41A2wnSw/aZ+IW5DLK3prmV6SqVevFD4\nGeJAl1kD8c6bxlUjFTrqBETFQ77dh108ep1T1e25QPIsm/Lre5Xn0bX7/YDrrzv9\njKTv3bk6cMU90aPLIEH+A9omKByp2XJvNo3OpLDj40EipwI4F4iMbs+jUEUSOXJe\nKi69jN8O6NHLELRipjPEMphpcqmTM+LDBggA+NVX45GSt0c9y+yPk8jiHIVqUSQX\nGwHyNT77tKmJOGWj0aJNNA5ymiOvp2Kw0A7ktpz7a9ttU6Z5AoIBAQDAECPw2dib\nxZ8seNBkLZbPbxifek5P3D3wsB9VgqowzZ4jWXtHotPwXHtaabyWB+//30wFP2x0\nIJuuMyvpjK9+Q5mLhmW+3QfJENOqruQrLaXZ+H5oW5WcWFy019aWP4nrY9YUuwFK\nkS6GTDoYnHpe0wNCUbXt96DQAzjYxUpOJDsH6+/K8JHSb1ZAG4XEctZGxxV+UKFX\nN67NJB5gEKn2CMqoO+Cg+L39IgK3BLcoiS8KaqosSCjCrV3h+sWgU7wrcNXGH0rV\nSfrCqTlzwymFzRSvyYxZsnl2Y+iCWUm11LSRpfPj/riopswqnTCpq7aTyM2tHA4i\no2R8iTPA2nHzAoIBAEDtjgtTnKT8+5yUYDlXbkwF/q0IWBuq9nUKcszIra59Rx2m\nsoWD9TrUtlsXZOrDUV1ED5qS8NFnlTpn7KUL5H0vw00q3nnwW76q+KJ3BIiY9dbL\nARO81yaMJ6NLOXj/K+KSMJsYs5ZBw63ecaBEHW8Im1ZE3lgWZwjgp3OaxML1zkqZ\nHiX1zdiRT572GaFXnCtt4IVu3w4qCuxNUxr7EuULovOpHIlFXtsv/v7PGsbQAOmJ\nsFZ+tYwT6z3/OLM0r4bMgTGT2G2ZU5cD9aXVdKfpyTsvjDfj3YV4p5bLdjoww9Hz\nrZErLACcFs1b4i16ec+i5btfX3AkqVru527+WdECggEATh5CgBQbJkCbHVuGZzij\nvntRaIw2jgTmrJ72H7Glx3PafkZG/jwcOAdlpMCdE+jmlQwdv4SseA9LQu9NTREL\n0C9upHFlsNv17rIJZcL8yxMmAiIwSAH4OD84ddXUUghF8JgK2yO0wr+KTNV0S85Z\nd3gcOz1A4il2HyUwWfrk3iOeXvp37fMrXIwsaKbJIb4TqXYQJ/BjrzXWw1mNgUVF\n2+x3gTXZh5+kpvDOaeJhHPuvRm1cCebPrV8WcHOvLibgwkqCqLLRnS8Z71MlKxCW\nMvXXFCjGDTWqcZzxVRM8B9kcGKGHMZTJRs+Q+0Q0Js7Q1As4nNBsb2pF1OF5S1eO\nQQKCAQEA8nyCusCzoq1mfQPA3wIWHLTpLo8Vt7sv6GOyV3rUBgFnFe0Kvcpn9vvo\nnhK7Dbr/bQQDpsETTJk5RMeu9fKSzq9DnyCkRW+MEvMeF6fWoJdwIyFXPkHOwDjH\naT4WetnsBtJFBffb+sp+oCa+7BIuUPFJDxEVYt0tMqb4A+1j4WsWmZETQLm+7D7z\n/yoV+fYXqe5cvzdtKygxHjBNyIr0G0KmHEk8A55aiyzswDDliBQf6ObrZiO/x8t7\ntsmP+3xZq8rydw0k55XXXQpjiPIocBPieBYJVHPf9z+JQhqUfgKJ2WiH/aekxgi+\nRx+Ijxgse/UhJO3cNYqpMpmf6kZ9Tg==\n-----END PRIVATE KEY-----\n",
            "public_key_fingerprint_md5": "dd:42:9f:f6:78:0b:11:da:1d:95:11:0e:af:20:7d:5c",
            "public_key_fingerprint_sha256": "SHA256:XRWJcV8ywcQl2MwrZDSK0UymI35jOhVWcfhYjGs6DfU",
            "public_key_openssh": "ssh-rsa AAAAB3NzaC1yc2EAAAADAQABAAACAQC4V48Fj/1OOksrAVg/hw9NVOA6oKK0AvXpdALFTAogf2xnGs27x8SehfQPR5iCpO+SnmDSaN9223YnGky73DzKrX8XiVM5bb1bsQynUvkoUc3B/QFcOc8k0368cEVN5mWGPkhknVxLvKyU1xa5+9IgzydZEgiGe2ZMe8dEooHqwrhOZ0feBTaNya+WrWSymZMbafJSZ7QIioO2MCUNFANwmEgkja55hVs4ZtJIp9m2EVyuswGBE2Os9O/Rg62SLNEjCFlCSOWkgKiz9/I72ytyN7c8DY4vmwPUeektE8bgiWt0dIX+WqJabp0IY+7qk1mEgh8NHFaF1osnrZeWIsXOn++y5qM/IDVr+Z6VXx1qszRKXtpBHP02U2JtGN+F0RTJynx0KYVMkc8PtQBeNYiG5VoDReVZVu3BRPKZyrnQni24CMgXbnSpUYEyKhsZeqgSb4LddrlDJItMKWR3OwbCE26MxwPf+s03Py81Bb72tq8w6UIqBhzH459tgg0yg8ESY++ajcHMKip5f7bcjgCaD24O09SDwn9jATx9wwSdj6D7umIcq+qyPXMq3NpS711mgckR/5P/CO52MxTJKldbPxO/RH7jexP5HYsseoINlc65U4C1TxxUEd8IdFiWb0YZf7k7OJNKb+LV+eiREj+Oc+7y+qEfkG/aef28Next2w==\n",
            "public_key_pem": "-----BEGIN PUBLIC KEY-----\nMIICIjANBgkqhkiG9w0BAQEFAAOCAg8AMIICCgKCAgEAuFePBY/9TjpLKwFYP4cP\nTVTgOqCitAL16XQCxUwKIH9sZxrNu8fEnoX0D0eYgqTvkp5g0mjfdtt2JxpMu9w8\nyq1/F4lTOW29W7EMp1L5KFHNwf0BXDnPJNN+vHBFTeZlhj5IZJ1cS7yslNcWufvS\nIM8nWRIIhntmTHvHRKKB6sK4TmdH3gU2jcmvlq1kspmTG2nyUme0CIqDtjAlDRQD\ncJhIJI2ueYVbOGbSSKfZthFcrrMBgRNjrPTv0YOtkizRIwhZQkjlpICos/fyO9sr\ncje3PA2OL5sD1HnpLRPG4IlrdHSF/lqiWm6dCGPu6pNZhIIfDRxWhdaLJ62XliLF\nzp/vsuajPyA1a/melV8darM0Sl7aQRz9NlNibRjfhdEUycp8dCmFTJHPD7UAXjWI\nhuVaA0XlWVbtwUTymcq50J4tuAjIF250qVGBMiobGXqoEm+C3Xa5QySLTClkdzsG\nwhNujMcD3/rNNz8vNQW+9ravMOlCKgYcx+OfbYINMoPBEmPvmo3BzCoqeX+23I4A\nmg9uDtPUg8J/YwE8fcMEnY+g+7piHKvqsj1zKtzaUu9dZoHJEf+T/wjudjMUySpX\nWz8Tv0R+43sT+R2LLHqCDZXOuVOAtU8cVBHfCHRYlm9GGX+5OziTSm/i1fnokRI/\njnPu8vqhH5Bv2nn9vDXsbdsCAwEAAQ==\n-----END PUBLIC KEY-----\n",
            "rsa_bits": 4096
          },
          "sensitive_attributes": [
            [
              {
                "type": "get_attr",
                "value": "private_key_openssh"
              }
            ],
            [
              {
                "type": "get_attr",
                "value": "private_key_pem"
              }
            ],
            [
              {
                "type": "get_attr",
                "value": "private_key_pem_pkcs8"
              }
            ]
          ],
          "identity_schema_version": 0
        }
      ]
    }
  ],
  "check_results": null
}
