{
  "version": 4,
  "terraform_version": "1.15.5",
  "serial": 111,
  "lineage": "96895419-be62-8a43-a5ec-989c46389044",
  "outputs": {
    "ip_privada_backend_1": {
      "value": "10.0.2.16",
      "type": "string"
    },
    "ip_privada_backend_2": {
      "value": "10.0.3.212",
      "type": "string"
    },
    "ip_privada_base_datos": {
      "value": "10.0.4.251",
      "type": "string"
    },
    "ip_publica_frontend": {
      "value": "3.233.196.194",
      "type": "string"
    }
  },
  "resources": [
    {
      "mode": "managed",
      "type": "aws_eip",
      "name": "eip_front",
      "provider": "provider[\"registry.terraform.io/hashicorp/aws\"]",
      "instances": [
        {
          "schema_version": 0,
          "attributes": {
            "address": null,
            "allocation_id": "eipalloc-0013cec0880428c88",
            "arn": "arn:aws:ec2:us-east-1:572392556337:elastic-ip/eipalloc-0013cec0880428c88",
            "associate_with_private_ip": null,
            "association_id": "eipassoc-03fbbfce285958ea1",
            "carrier_ip": "",
            "customer_owned_ip": "",
            "customer_owned_ipv4_pool": "",
            "domain": "vpc",
            "id": "eipalloc-0013cec0880428c88",
            "instance": "i-0cab34f2229061735",
            "ipam_pool_id": null,
            "network_border_group": "us-east-1",
            "network_interface": "eni-0dd2b9bdba6c9c210",
            "private_dns": "ip-10-0-1-202.ec2.internal",
            "private_ip": "10.0.1.202",
            "ptr_record": "",
            "public_dns": "ec2-3-233-196-194.compute-1.amazonaws.com",
            "public_ip": "3.233.196.194",
            "public_ipv4_pool": "amazon",
            "tags": null,
            "tags_all": {},
            "timeouts": null,
            "vpc": true
          },
          "sensitive_attributes": [],
          "identity_schema_version": 0,
          "private": "eyJlMmJmYjczMC1lY2FhLTExZTYtOGY4OC0zNDM2M2JjN2M0YzAiOnsiZGVsZXRlIjoxODAwMDAwMDAwMDAsInJlYWQiOjkwMDAwMDAwMDAwMCwidXBkYXRlIjozMDAwMDAwMDAwMDB9fQ==",
          "dependencies": [
            "aws_instance.ec2_frontend",
            "aws_key_pair.key_pair",
            "aws_security_group.sg_frontend",
            "aws_subnet.subred_front",
            "aws_vpc.vpc_principal",
            "tls_private_key.clave_ssh"
          ]
        }
      ]
    },
    {
      "mode": "managed",
      "type": "aws_eip",
      "name": "eip_nat",
      "provider": "provider[\"registry.terraform.io/hashicorp/aws\"]",
      "instances": [
        {
          "schema_version": 0,
          "attributes": {
            "address": null,
            "allocation_id": "eipalloc-0d6303208ad3a1acd",
            "arn": "arn:aws:ec2:us-east-1:572392556337:elastic-ip/eipalloc-0d6303208ad3a1acd",
            "associate_with_private_ip": null,
            "association_id": "",
            "carrier_ip": "",
            "customer_owned_ip": "",
            "customer_owned_ipv4_pool": "",
            "domain": "vpc",
            "id": "eipalloc-0d6303208ad3a1acd",
            "instance": "",
            "ipam_pool_id": null,
            "network_border_group": "us-east-1",
            "network_interface": "",
            "private_dns": null,
            "private_ip": "",
            "ptr_record": "",
            "public_dns": "ec2-100-58-43-85.compute-1.amazonaws.com",
            "public_ip": "100.58.43.85",
            "public_ipv4_pool": "amazon",
            "tags": null,
            "tags_all": {},
            "timeouts": null,
            "vpc": true
          },
          "sensitive_attributes": [],
          "identity_schema_version": 0,
          "private": "eyJlMmJmYjczMC1lY2FhLTExZTYtOGY4OC0zNDM2M2JjN2M0YzAiOnsiZGVsZXRlIjoxODAwMDAwMDAwMDAsInJlYWQiOjkwMDAwMDAwMDAwMCwidXBkYXRlIjozMDAwMDAwMDAwMDB9fQ==",
          "dependencies": [
            "aws_internet_gateway.igw",
            "aws_vpc.vpc_principal"
          ]
        }
      ]
    },
    {
      "mode": "managed",
      "type": "aws_instance",
      "name": "ec2_backend_1",
      "provider": "provider[\"registry.terraform.io/hashicorp/aws\"]",
      "instances": [
        {
          "schema_version": 1,
          "attributes": {
            "ami": "ami-00e801948462f718a",
            "arn": "arn:aws:ec2:us-east-1:572392556337:instance/i-0bc723aca281b49f1",
            "associate_public_ip_address": false,
            "availability_zone": "us-east-1a",
            "capacity_reservation_specification": [
              {
                "capacity_reservation_preference": "open",
                "capacity_reservation_target": []
              }
            ],
            "cpu_core_count": 1,
            "cpu_options": [
              {
                "amd_sev_snp": "",
                "core_count": 1,
                "threads_per_core": 2
              }
            ],
            "cpu_threads_per_core": 2,
            "credit_specification": [
              {
                "cpu_credits": "unlimited"
              }
            ],
            "disable_api_stop": false,
            "disable_api_termination": false,
            "ebs_block_device": [],
            "ebs_optimized": false,
            "enable_primary_ipv6": null,
            "enclave_options": [
              {
                "enabled": false
              }
            ],
            "ephemeral_block_device": [],
            "get_password_data": false,
            "hibernation": false,
            "host_id": "",
            "host_resource_group_arn": null,
            "iam_instance_profile": "",
            "id": "i-0bc723aca281b49f1",
            "instance_initiated_shutdown_behavior": "stop",
            "instance_lifecycle": "",
            "instance_market_options": [],
            "instance_state": "running",
            "instance_type": "t3.micro",
            "ipv6_address_count": 0,
            "ipv6_addresses": [],
            "key_name": "clave-proyecto-4-capas",
            "launch_template": [],
            "maintenance_options": [
              {
                "auto_recovery": "default"
              }
            ],
            "metadata_options": [
              {
                "http_endpoint": "enabled",
                "http_protocol_ipv6": "disabled",
                "http_put_response_hop_limit": 2,
                "http_tokens": "required",
                "instance_metadata_tags": "disabled"
              }
            ],
            "monitoring": false,
            "network_interface": [],
            "outpost_arn": "",
            "password_data": "",
            "placement_group": "",
            "placement_partition_number": 0,
            "primary_network_interface_id": "eni-033c222b413b359c6",
            "private_dns": "ip-10-0-2-16.ec2.internal",
            "private_dns_name_options": [
              {
                "enable_resource_name_dns_a_record": false,
                "enable_resource_name_dns_aaaa_record": false,
                "hostname_type": "ip-name"
              }
            ],
            "private_ip": "10.0.2.16",
            "public_dns": "",
            "public_ip": "",
            "root_block_device": [
              {
                "delete_on_termination": true,
                "device_name": "/dev/xvda",
                "encrypted": false,
                "iops": 3000,
                "kms_key_id": "",
                "tags": {},
                "tags_all": {},
                "throughput": 125,
                "volume_id": "vol-01d26078c31a41aa6",
                "volume_size": 8,
                "volume_type": "gp3"
              }
            ],
            "secondary_private_ips": [],
            "security_groups": [],
            "source_dest_check": true,
            "spot_instance_request_id": "",
            "subnet_id": "subnet-05df1361e319f0ee1",
            "tags": {
              "Name": "ec2-backend-1"
            },
            "tags_all": {
              "Name": "ec2-backend-1"
            },
            "tenancy": "default",
            "timeouts": null,
            "user_data": "beaa7c16158e6b8cbcf186625a9f84d9347a8b76",
            "user_data_base64": null,
            "user_data_replace_on_change": false,
            "volume_tags": null,
            "vpc_security_group_ids": [
              "sg-0248a888de9836dad"
            ]
          },
          "sensitive_attributes": [],
          "identity_schema_version": 0,
          "private": "eyJlMmJmYjczMC1lY2FhLTExZTYtOGY4OC0zNDM2M2JjN2M0YzAiOnsiY3JlYXRlIjo2MDAwMDAwMDAwMDAsImRlbGV0ZSI6MTIwMDAwMDAwMDAwMCwicmVhZCI6OTAwMDAwMDAwMDAwLCJ1cGRhdGUiOjYwMDAwMDAwMDAwMH0sInNjaGVtYV92ZXJzaW9uIjoiMSJ9",
          "dependencies": [
            "aws_key_pair.key_pair",
            "aws_security_group.sg_backend_1",
            "aws_security_group.sg_frontend",
            "aws_subnet.subred_back1",
            "aws_vpc.vpc_principal",
            "tls_private_key.clave_ssh"
          ]
        }
      ]
    },
    {
      "mode": "managed",
      "type": "aws_instance",
      "name": "ec2_backend_2",
      "provider": "provider[\"registry.terraform.io/hashicorp/aws\"]",
      "instances": [
        {
          "schema_version": 1,
          "attributes": {
            "ami": "ami-00e801948462f718a",
            "arn": "arn:aws:ec2:us-east-1:572392556337:instance/i-084eee58bf88128f9",
            "associate_public_ip_address": false,
            "availability_zone": "us-east-1a",
            "capacity_reservation_specification": [
              {
                "capacity_reservation_preference": "open",
                "capacity_reservation_target": []
              }
            ],
            "cpu_core_count": 1,
            "cpu_options": [
              {
                "amd_sev_snp": "",
                "core_count": 1,
                "threads_per_core": 2
              }
            ],
            "cpu_threads_per_core": 2,
            "credit_specification": [
              {
                "cpu_credits": "unlimited"
              }
            ],
            "disable_api_stop": false,
            "disable_api_termination": false,
            "ebs_block_device": [],
            "ebs_optimized": false,
            "enable_primary_ipv6": null,
            "enclave_options": [
              {
                "enabled": false
              }
            ],
            "ephemeral_block_device": [],
            "get_password_data": false,
            "hibernation": false,
            "host_id": "",
            "host_resource_group_arn": null,
            "iam_instance_profile": "",
            "id": "i-084eee58bf88128f9",
            "instance_initiated_shutdown_behavior": "stop",
            "instance_lifecycle": "",
            "instance_market_options": [],
            "instance_state": "running",
            "instance_type": "t3.micro",
            "ipv6_address_count": 0,
            "ipv6_addresses": [],
            "key_name": "clave-proyecto-4-capas",
            "launch_template": [],
            "maintenance_options": [
              {
                "auto_recovery": "default"
              }
            ],
            "metadata_options": [
              {
                "http_endpoint": "enabled",
                "http_protocol_ipv6": "disabled",
                "http_put_response_hop_limit": 2,
                "http_tokens": "required",
                "instance_metadata_tags": "disabled"
              }
            ],
            "monitoring": false,
            "network_interface": [],
            "outpost_arn": "",
            "password_data": "",
            "placement_group": "",
            "placement_partition_number": 0,
            "primary_network_interface_id": "eni-061af448c722397b4",
            "private_dns": "ip-10-0-3-212.ec2.internal",
            "private_dns_name_options": [
              {
                "enable_resource_name_dns_a_record": false,
                "enable_resource_name_dns_aaaa_record": false,
                "hostname_type": "ip-name"
              }
            ],
            "private_ip": "10.0.3.212",
            "public_dns": "",
            "public_ip": "",
            "root_block_device": [
              {
                "delete_on_termination": true,
                "device_name": "/dev/xvda",
                "encrypted": false,
                "iops": 3000,
                "kms_key_id": "",
                "tags": {},
                "tags_all": {},
                "throughput": 125,
                "volume_id": "vol-07b2c1ae6cd7f684a",
                "volume_size": 8,
                "volume_type": "gp3"
              }
            ],
            "secondary_private_ips": [],
            "security_groups": [],
            "source_dest_check": true,
            "spot_instance_request_id": "",
            "subnet_id": "subnet-0431dff86aa4604ee",
            "tags": {
              "Name": "ec2-backend-2"
            },
            "tags_all": {
              "Name": "ec2-backend-2"
            },
            "tenancy": "default",
            "timeouts": null,
            "user_data": "beaa7c16158e6b8cbcf186625a9f84d9347a8b76",
            "user_data_base64": null,
            "user_data_replace_on_change": false,
            "volume_tags": null,
            "vpc_security_group_ids": [
              "sg-0c2d0b41494379956"
            ]
          },
          "sensitive_attributes": [],
          "identity_schema_version": 0,
          "private": "eyJlMmJmYjczMC1lY2FhLTExZTYtOGY4OC0zNDM2M2JjN2M0YzAiOnsiY3JlYXRlIjo2MDAwMDAwMDAwMDAsImRlbGV0ZSI6MTIwMDAwMDAwMDAwMCwicmVhZCI6OTAwMDAwMDAwMDAwLCJ1cGRhdGUiOjYwMDAwMDAwMDAwMH0sInNjaGVtYV92ZXJzaW9uIjoiMSJ9",
          "dependencies": [
            "aws_key_pair.key_pair",
            "aws_security_group.sg_backend_2",
            "aws_security_group.sg_frontend",
            "aws_subnet.subred_back2",
            "aws_vpc.vpc_principal",
            "tls_private_key.clave_ssh"
          ]
        }
      ]
    },
    {
      "mode": "managed",
      "type": "aws_instance",
      "name": "ec2_datos",
      "provider": "provider[\"registry.terraform.io/hashicorp/aws\"]",
      "instances": [
        {
          "schema_version": 1,
          "attributes": {
            "ami": "ami-00e801948462f718a",
            "arn": "arn:aws:ec2:us-east-1:572392556337:instance/i-0e9c20701177c00a1",
            "associate_public_ip_address": false,
            "availability_zone": "us-east-1a",
            "capacity_reservation_specification": [
              {
                "capacity_reservation_preference": "open",
                "capacity_reservation_target": []
              }
            ],
            "cpu_core_count": 1,
            "cpu_options": [
              {
                "amd_sev_snp": "",
                "core_count": 1,
                "threads_per_core": 2
              }
            ],
            "cpu_threads_per_core": 2,
            "credit_specification": [
              {
                "cpu_credits": "unlimited"
              }
            ],
            "disable_api_stop": false,
            "disable_api_termination": false,
            "ebs_block_device": [],
            "ebs_optimized": false,
            "enable_primary_ipv6": null,
            "enclave_options": [
              {
                "enabled": false
              }
            ],
            "ephemeral_block_device": [],
            "get_password_data": false,
            "hibernation": false,
            "host_id": "",
            "host_resource_group_arn": null,
            "iam_instance_profile": "",
            "id": "i-0e9c20701177c00a1",
            "instance_initiated_shutdown_behavior": "stop",
            "instance_lifecycle": "",
            "instance_market_options": [],
            "instance_state": "running",
            "instance_type": "t3.micro",
            "ipv6_address_count": 0,
            "ipv6_addresses": [],
            "key_name": "clave-proyecto-4-capas",
            "launch_template": [],
            "maintenance_options": [
              {
                "auto_recovery": "default"
              }
            ],
            "metadata_options": [
              {
                "http_endpoint": "enabled",
                "http_protocol_ipv6": "disabled",
                "http_put_response_hop_limit": 2,
                "http_tokens": "required",
                "instance_metadata_tags": "disabled"
              }
            ],
            "monitoring": false,
            "network_interface": [],
            "outpost_arn": "",
            "password_data": "",
            "placement_group": "",
            "placement_partition_number": 0,
            "primary_network_interface_id": "eni-0f1fb60c63f64358a",
            "private_dns": "ip-10-0-4-251.ec2.internal",
            "private_dns_name_options": [
              {
                "enable_resource_name_dns_a_record": false,
                "enable_resource_name_dns_aaaa_record": false,
                "hostname_type": "ip-name"
              }
            ],
            "private_ip": "10.0.4.251",
            "public_dns": "",
            "public_ip": "",
            "root_block_device": [
              {
                "delete_on_termination": true,
                "device_name": "/dev/xvda",
                "encrypted": false,
                "iops": 3000,
                "kms_key_id": "",
                "tags": {},
                "tags_all": {},
                "throughput": 125,
                "volume_id": "vol-0b3c347f511f97a67",
                "volume_size": 8,
                "volume_type": "gp3"
              }
            ],
            "secondary_private_ips": [],
            "security_groups": [],
            "source_dest_check": true,
            "spot_instance_request_id": "",
            "subnet_id": "subnet-02df7d3d77a6c7e50",
            "tags": {
              "Name": "ec2-base-datos"
            },
            "tags_all": {
              "Name": "ec2-base-datos"
            },
            "tenancy": "default",
            "timeouts": null,
            "user_data": "beaa7c16158e6b8cbcf186625a9f84d9347a8b76",
            "user_data_base64": null,
            "user_data_replace_on_change": false,
            "volume_tags": null,
            "vpc_security_group_ids": [
              "sg-08144cfa3d68889a6"
            ]
          },
          "sensitive_attributes": [],
          "identity_schema_version": 0,
          "private": "eyJlMmJmYjczMC1lY2FhLTExZTYtOGY4OC0zNDM2M2JjN2M0YzAiOnsiY3JlYXRlIjo2MDAwMDAwMDAwMDAsImRlbGV0ZSI6MTIwMDAwMDAwMDAwMCwicmVhZCI6OTAwMDAwMDAwMDAwLCJ1cGRhdGUiOjYwMDAwMDAwMDAwMH0sInNjaGVtYV92ZXJzaW9uIjoiMSJ9",
          "dependencies": [
            "aws_key_pair.key_pair",
            "aws_security_group.sg_backend_1",
            "aws_security_group.sg_backend_2",
            "aws_security_group.sg_datos",
            "aws_security_group.sg_frontend",
            "aws_subnet.subred_datos",
            "aws_vpc.vpc_principal",
            "tls_private_key.clave_ssh"
          ]
        }
      ]
    },
    {
      "mode": "managed",
      "type": "aws_instance",
      "name": "ec2_frontend",
      "provider": "provider[\"registry.terraform.io/hashicorp/aws\"]",
      "instances": [
        {
          "schema_version": 1,
          "attributes": {
            "ami": "ami-00e801948462f718a",
            "arn": "arn:aws:ec2:us-east-1:572392556337:instance/i-0cab34f2229061735",
            "associate_public_ip_address": true,
            "availability_zone": "us-east-1a",
            "capacity_reservation_specification": [
              {
                "capacity_reservation_preference": "open",
                "capacity_reservation_target": []
              }
            ],
            "cpu_core_count": 1,
            "cpu_options": [
              {
                "amd_sev_snp": "",
                "core_count": 1,
                "threads_per_core": 2
              }
            ],
            "cpu_threads_per_core": 2,
            "credit_specification": [
              {
                "cpu_credits": "unlimited"
              }
            ],
            "disable_api_stop": false,
            "disable_api_termination": false,
            "ebs_block_device": [],
            "ebs_optimized": false,
            "enable_primary_ipv6": null,
            "enclave_options": [
              {
                "enabled": false
              }
            ],
            "ephemeral_block_device": [],
            "get_password_data": false,
            "hibernation": false,
            "host_id": "",
            "host_resource_group_arn": null,
            "iam_instance_profile": "",
            "id": "i-0cab34f2229061735",
            "instance_initiated_shutdown_behavior": "stop",
            "instance_lifecycle": "",
            "instance_market_options": [],
            "instance_state": "running",
            "instance_type": "t3.micro",
            "ipv6_address_count": 0,
            "ipv6_addresses": [],
            "key_name": "clave-proyecto-4-capas",
            "launch_template": [],
            "maintenance_options": [
              {
                "auto_recovery": "default"
              }
            ],
            "metadata_options": [
              {
                "http_endpoint": "enabled",
                "http_protocol_ipv6": "disabled",
                "http_put_response_hop_limit": 2,
                "http_tokens": "required",
                "instance_metadata_tags": "disabled"
              }
            ],
            "monitoring": false,
            "network_interface": [],
            "outpost_arn": "",
            "password_data": "",
            "placement_group": "",
            "placement_partition_number": 0,
            "primary_network_interface_id": "eni-0dd2b9bdba6c9c210",
            "private_dns": "ip-10-0-1-202.ec2.internal",
            "private_dns_name_options": [
              {
                "enable_resource_name_dns_a_record": false,
                "enable_resource_name_dns_aaaa_record": false,
                "hostname_type": "ip-name"
              }
            ],
            "private_ip": "10.0.1.202",
            "public_dns": "ec2-100-30-255-199.compute-1.amazonaws.com",
            "public_ip": "100.30.255.199",
            "root_block_device": [
              {
                "delete_on_termination": true,
                "device_name": "/dev/xvda",
                "encrypted": false,
                "iops": 3000,
                "kms_key_id": "",
                "tags": {},
                "tags_all": {},
                "throughput": 125,
                "volume_id": "vol-0396382ba2b16eb3e",
                "volume_size": 8,
                "volume_type": "gp3"
              }
            ],
            "secondary_private_ips": [],
            "security_groups": [],
            "source_dest_check": true,
            "spot_instance_request_id": "",
            "subnet_id": "subnet-0e090c2b44655abd9",
            "tags": {
              "Name": "ec2-frontend"
            },
            "tags_all": {
              "Name": "ec2-frontend"
            },
            "tenancy": "default",
            "timeouts": null,
            "user_data": "beaa7c16158e6b8cbcf186625a9f84d9347a8b76",
            "user_data_base64": null,
            "user_data_replace_on_change": false,
            "volume_tags": null,
            "vpc_security_group_ids": [
              "sg-0a62fae79db4084e5"
            ]
          },
          "sensitive_attributes": [],
          "identity_schema_version": 0,
          "private": "eyJlMmJmYjczMC1lY2FhLTExZTYtOGY4OC0zNDM2M2JjN2M0YzAiOnsiY3JlYXRlIjo2MDAwMDAwMDAwMDAsImRlbGV0ZSI6MTIwMDAwMDAwMDAwMCwicmVhZCI6OTAwMDAwMDAwMDAwLCJ1cGRhdGUiOjYwMDAwMDAwMDAwMH0sInNjaGVtYV92ZXJzaW9uIjoiMSJ9",
          "dependencies": [
            "aws_key_pair.key_pair",
            "aws_security_group.sg_frontend",
            "aws_subnet.subred_front",
            "aws_vpc.vpc_principal",
            "tls_private_key.clave_ssh"
          ]
        }
      ]
    },
    {
      "mode": "managed",
      "type": "aws_internet_gateway",
      "name": "igw",
      "provider": "provider[\"registry.terraform.io/hashicorp/aws\"]",
      "instances": [
        {
          "schema_version": 0,
          "attributes": {
            "arn": "arn:aws:ec2:us-east-1:572392556337:internet-gateway/igw-0380bbc141b8efe8b",
            "id": "igw-0380bbc141b8efe8b",
            "owner_id": "572392556337",
            "tags": {
              "Name": "igw-principal"
            },
            "tags_all": {
              "Name": "igw-principal"
            },
            "timeouts": null,
            "vpc_id": "vpc-0e2fb8649cc4cd38f"
          },
          "sensitive_attributes": [],
          "identity_schema_version": 0,
          "private": "eyJlMmJmYjczMC1lY2FhLTExZTYtOGY4OC0zNDM2M2JjN2M0YzAiOnsiY3JlYXRlIjoxMjAwMDAwMDAwMDAwLCJkZWxldGUiOjEyMDAwMDAwMDAwMDAsInVwZGF0ZSI6MTIwMDAwMDAwMDAwMH19",
          "dependencies": [
            "aws_vpc.vpc_principal"
          ]
        }
      ]
    },
    {
      "mode": "managed",
      "type": "aws_key_pair",
      "name": "key_pair",
      "provider": "provider[\"registry.terraform.io/hashicorp/aws\"]",
      "instances": [
        {
          "schema_version": 1,
          "attributes": {
            "arn": "arn:aws:ec2:us-east-1:572392556337:key-pair/clave-proyecto-4-capas",
            "fingerprint": "14:db:c5:2f:72:98:d2:bb:20:1d:d3:4c:28:82:8e:7d",
            "id": "clave-proyecto-4-capas",
            "key_name": "clave-proyecto-4-capas",
            "key_name_prefix": "",
            "key_pair_id": "key-06ffda9f96c3bc5e6",
            "key_type": "rsa",
            "public_key": "ssh-rsa AAAAB3NzaC1yc2EAAAADAQABAAACAQDBS7RalZJN70BKDAyv09TdIbcUVBA6/524VT2BrQSqJ5+QSK/bPMDNyVdGh39eluo1GQAkg3ZSewNt2I612apYGKB8I+NZTSjefPKhhsOTfu7AdNCEKOKXOlfENE7DG7vnZIeujU9Oo+htNAFao87/skrOBEfiOaB8awgxRyzlgKXna68Lpp+Io26//lpQds2d8wGYCPt0D0oDL6YNcjjbPAsq/8i+Jg+Pv7rGK1AFkcCE1ENlcK27UC3cqbDXcXUraKHiXBkFrQGZjn20QgN3HXdyiEA3S7I1BqdTFn1ZusSueW25P7E4sc6Cnlz3xAy9FW0M/6GlbPDSsJf5QvLMdZzkV2H/nfizre1JwM0F0NSLUqKSBCDJVm2b7bIA0VcwCysKJHprTMgYPbztldZmOOtrp5On/c8Afq64apgxhRx87vfd3Elh3JpP1HmE1pv6zPoA7VVP1HXzhx7zH6ioTGmUJEAwbOFfCYloXWWQVaPbe/H8xCZSvFxlJfB6K+6/Z5BkK7x/OHDxc0xEYYQSZufT+uJKhc2vzD4yoiPerxqtJQFnC05xy91LHSTqdDjD/ybRNlzTYXtyHLfSAbZbN+uLA8upxORDoqONlMWg0LfISOCVkpk8j2/Qp/ipFGS1+EyTgAwAUZxuPesPjiGBXsUgwYd3ZW7Ib1UA+R7ZQQ==",
            "tags": null,
            "tags_all": {}
          },
          "sensitive_attributes": [],
          "identity_schema_version": 0,
          "private": "eyJzY2hlbWFfdmVyc2lvbiI6IjEifQ==",
          "dependencies": [
            "tls_private_key.clave_ssh"
          ]
        }
      ]
    },
    {
      "mode": "managed",
      "type": "aws_nat_gateway",
      "name": "nat_gw",
      "provider": "provider[\"registry.terraform.io/hashicorp/aws\"]",
      "instances": [
        {
          "schema_version": 0,
          "attributes": {
            "allocation_id": "eipalloc-0d6303208ad3a1acd",
            "association_id": "eipassoc-0dd08ca2173db78bd",
            "connectivity_type": "public",
            "id": "nat-0f5aba792068c05c4",
            "network_interface_id": "eni-01a2f5d0b555e50a1",
            "private_ip": "10.0.1.14",
            "public_ip": "100.58.43.85",
            "secondary_allocation_ids": null,
            "secondary_private_ip_address_count": 0,
            "secondary_private_ip_addresses": [],
            "subnet_id": "subnet-0e090c2b44655abd9",
            "tags": {
              "Name": "nat-gateway"
            },
            "tags_all": {
              "Name": "nat-gateway"
            },
            "timeouts": null
          },
          "sensitive_attributes": [],
          "identity_schema_version": 0,
          "private": "eyJlMmJmYjczMC1lY2FhLTExZTYtOGY4OC0zNDM2M2JjN2M0YzAiOnsiY3JlYXRlIjo2MDAwMDAwMDAwMDAsImRlbGV0ZSI6MTgwMDAwMDAwMDAwMCwidXBkYXRlIjo2MDAwMDAwMDAwMDB9fQ==",
          "dependencies": [
            "aws_eip.eip_nat",
            "aws_internet_gateway.igw",
            "aws_subnet.subred_front",
            "aws_vpc.vpc_principal"
          ]
        }
      ]
    },
    {
      "mode": "managed",
      "type": "aws_route_table",
      "name": "rt_privada",
      "provider": "provider[\"registry.terraform.io/hashicorp/aws\"]",
      "instances": [
        {
          "schema_version": 0,
          "attributes": {
            "arn": "arn:aws:ec2:us-east-1:572392556337:route-table/rtb-0b1bc68aa331a7e91",
            "id": "rtb-0b1bc68aa331a7e91",
            "owner_id": "572392556337",
            "propagating_vgws": [],
            "route": [
              {
                "carrier_gateway_id": "",
                "cidr_block": "0.0.0.0/0",
                "core_network_arn": "",
                "destination_prefix_list_id": "",
                "egress_only_gateway_id": "",
                "gateway_id": "",
                "ipv6_cidr_block": "",
                "local_gateway_id": "",
                "nat_gateway_id": "nat-0f5aba792068c05c4",
                "network_interface_id": "",
                "transit_gateway_id": "",
                "vpc_endpoint_id": "",
                "vpc_peering_connection_id": ""
              }
            ],
            "tags": {
              "Name": "rt-privada"
            },
            "tags_all": {
              "Name": "rt-privada"
            },
            "timeouts": null,
            "vpc_id": "vpc-0e2fb8649cc4cd38f"
          },
          "sensitive_attributes": [],
          "identity_schema_version": 0,
          "private": "eyJlMmJmYjczMC1lY2FhLTExZTYtOGY4OC0zNDM2M2JjN2M0YzAiOnsiY3JlYXRlIjozMDAwMDAwMDAwMDAsImRlbGV0ZSI6MzAwMDAwMDAwMDAwLCJ1cGRhdGUiOjEyMDAwMDAwMDAwMH19",
          "dependencies": [
            "aws_eip.eip_nat",
            "aws_internet_gateway.igw",
            "aws_nat_gateway.nat_gw",
            "aws_subnet.subred_front",
            "aws_vpc.vpc_principal"
          ]
        }
      ]
    },
    {
      "mode": "managed",
      "type": "aws_route_table",
      "name": "rt_publica",
      "provider": "provider[\"registry.terraform.io/hashicorp/aws\"]",
      "instances": [
        {
          "schema_version": 0,
          "attributes": {
            "arn": "arn:aws:ec2:us-east-1:572392556337:route-table/rtb-035d5e9c0cb4e15f1",
            "id": "rtb-035d5e9c0cb4e15f1",
            "owner_id": "572392556337",
            "propagating_vgws": [],
            "route": [
              {
                "carrier_gateway_id": "",
                "cidr_block": "0.0.0.0/0",
                "core_network_arn": "",
                "destination_prefix_list_id": "",
                "egress_only_gateway_id": "",
                "gateway_id": "igw-0380bbc141b8efe8b",
                "ipv6_cidr_block": "",
                "local_gateway_id": "",
                "nat_gateway_id": "",
                "network_interface_id": "",
                "transit_gateway_id": "",
                "vpc_endpoint_id": "",
                "vpc_peering_connection_id": ""
              }
            ],
            "tags": {
              "Name": "rt-publica"
            },
            "tags_all": {
              "Name": "rt-publica"
            },
            "timeouts": null,
            "vpc_id": "vpc-0e2fb8649cc4cd38f"
          },
          "sensitive_attributes": [],
          "identity_schema_version": 0,
          "private": "eyJlMmJmYjczMC1lY2FhLTExZTYtOGY4OC0zNDM2M2JjN2M0YzAiOnsiY3JlYXRlIjozMDAwMDAwMDAwMDAsImRlbGV0ZSI6MzAwMDAwMDAwMDAwLCJ1cGRhdGUiOjEyMDAwMDAwMDAwMH19",
          "dependencies": [
            "aws_internet_gateway.igw",
            "aws_vpc.vpc_principal"
          ]
        }
      ]
    },
    {
      "mode": "managed",
      "type": "aws_route_table_association",
      "name": "asoc_back1",
      "provider": "provider[\"registry.terraform.io/hashicorp/aws\"]",
      "instances": [
        {
          "schema_version": 0,
          "attributes": {
            "gateway_id": "",
            "id": "rtbassoc-082e24245e5f418b6",
            "route_table_id": "rtb-0b1bc68aa331a7e91",
            "subnet_id": "subnet-05df1361e319f0ee1",
            "timeouts": null
          },
          "sensitive_attributes": [],
          "identity_schema_version": 0,
          "private": "eyJlMmJmYjczMC1lY2FhLTExZTYtOGY4OC0zNDM2M2JjN2M0YzAiOnsiY3JlYXRlIjozMDAwMDAwMDAwMDAsImRlbGV0ZSI6MzAwMDAwMDAwMDAwLCJ1cGRhdGUiOjEyMDAwMDAwMDAwMH19",
          "dependencies": [
            "aws_eip.eip_nat",
            "aws_internet_gateway.igw",
            "aws_nat_gateway.nat_gw",
            "aws_route_table.rt_privada",
            "aws_subnet.subred_back1",
            "aws_subnet.subred_front",
            "aws_vpc.vpc_principal"
          ]
        }
      ]
    },
    {
      "mode": "managed",
      "type": "aws_route_table_association",
      "name": "asoc_back2",
      "provider": "provider[\"registry.terraform.io/hashicorp/aws\"]",
      "instances": [
        {
          "schema_version": 0,
          "attributes": {
            "gateway_id": "",
            "id": "rtbassoc-0c46b9c6c1d5c53b1",
            "route_table_id": "rtb-0b1bc68aa331a7e91",
            "subnet_id": "subnet-0431dff86aa4604ee",
            "timeouts": null
          },
          "sensitive_attributes": [],
          "identity_schema_version": 0,
          "private": "eyJlMmJmYjczMC1lY2FhLTExZTYtOGY4OC0zNDM2M2JjN2M0YzAiOnsiY3JlYXRlIjozMDAwMDAwMDAwMDAsImRlbGV0ZSI6MzAwMDAwMDAwMDAwLCJ1cGRhdGUiOjEyMDAwMDAwMDAwMH19",
          "dependencies": [
            "aws_eip.eip_nat",
            "aws_internet_gateway.igw",
            "aws_nat_gateway.nat_gw",
            "aws_route_table.rt_privada",
            "aws_subnet.subred_back2",
            "aws_subnet.subred_front",
            "aws_vpc.vpc_principal"
          ]
        }
      ]
    },
    {
      "mode": "managed",
      "type": "aws_route_table_association",
      "name": "asoc_datos",
      "provider": "provider[\"registry.terraform.io/hashicorp/aws\"]",
      "instances": [
        {
          "schema_version": 0,
          "attributes": {
            "gateway_id": "",
            "id": "rtbassoc-0b0955cf507553007",
            "route_table_id": "rtb-0b1bc68aa331a7e91",
            "subnet_id": "subnet-02df7d3d77a6c7e50",
            "timeouts": null
          },
          "sensitive_attributes": [],
          "identity_schema_version": 0,
          "private": "eyJlMmJmYjczMC1lY2FhLTExZTYtOGY4OC0zNDM2M2JjN2M0YzAiOnsiY3JlYXRlIjozMDAwMDAwMDAwMDAsImRlbGV0ZSI6MzAwMDAwMDAwMDAwLCJ1cGRhdGUiOjEyMDAwMDAwMDAwMH19",
          "dependencies": [
            "aws_eip.eip_nat",
            "aws_internet_gateway.igw",
            "aws_nat_gateway.nat_gw",
            "aws_route_table.rt_privada",
            "aws_subnet.subred_datos",
            "aws_subnet.subred_front",
            "aws_vpc.vpc_principal"
          ]
        }
      ]
    },
    {
      "mode": "managed",
      "type": "aws_route_table_association",
      "name": "asoc_front",
      "provider": "provider[\"registry.terraform.io/hashicorp/aws\"]",
      "instances": [
        {
          "schema_version": 0,
          "attributes": {
            "gateway_id": "",
            "id": "rtbassoc-0f72f9b760b854c22",
            "route_table_id": "rtb-035d5e9c0cb4e15f1",
            "subnet_id": "subnet-0e090c2b44655abd9",
            "timeouts": null
          },
          "sensitive_attributes": [],
          "identity_schema_version": 0,
          "private": "eyJlMmJmYjczMC1lY2FhLTExZTYtOGY4OC0zNDM2M2JjN2M0YzAiOnsiY3JlYXRlIjozMDAwMDAwMDAwMDAsImRlbGV0ZSI6MzAwMDAwMDAwMDAwLCJ1cGRhdGUiOjEyMDAwMDAwMDAwMH19",
          "dependencies": [
            "aws_internet_gateway.igw",
            "aws_route_table.rt_publica",
            "aws_subnet.subred_front",
            "aws_vpc.vpc_principal"
          ]
        }
      ]
    },
    {
      "mode": "managed",
      "type": "aws_security_group",
      "name": "sg_backend_1",
      "provider": "provider[\"registry.terraform.io/hashicorp/aws\"]",
      "instances": [
        {
          "schema_version": 1,
          "attributes": {
            "arn": "arn:aws:ec2:us-east-1:572392556337:security-group/sg-0248a888de9836dad",
            "description": "Acceso exclusivo para el Backend 1",
            "egress": [
              {
                "cidr_blocks": [
                  "0.0.0.0/0"
                ],
                "description": "",
                "from_port": 0,
                "ipv6_cidr_blocks": [],
                "prefix_list_ids": [],
                "protocol": "-1",
                "security_groups": [],
                "self": false,
                "to_port": 0
              }
            ],
            "id": "sg-0248a888de9836dad",
            "ingress": [
              {
                "cidr_blocks": [
                  "10.0.0.0/16"
                ],
                "description": "SSH interno",
                "from_port": 22,
                "ipv6_cidr_blocks": [],
                "prefix_list_ids": [],
                "protocol": "tcp",
                "security_groups": [],
                "self": false,
                "to_port": 22
              },
              {
                "cidr_blocks": [],
                "description": "API desde Frontend",
                "from_port": 8080,
                "ipv6_cidr_blocks": [],
                "prefix_list_ids": [],
                "protocol": "tcp",
                "security_groups": [
                  "sg-0a62fae79db4084e5"
                ],
                "self": false,
                "to_port": 8080
              }
            ],
            "name": "sg_backend_1",
            "name_prefix": "",
            "owner_id": "572392556337",
            "revoke_rules_on_delete": false,
            "tags": null,
            "tags_all": {},
            "timeouts": null,
            "vpc_id": "vpc-0e2fb8649cc4cd38f"
          },
          "sensitive_attributes": [],
          "identity_schema_version": 0,
          "private": "eyJlMmJmYjczMC1lY2FhLTExZTYtOGY4OC0zNDM2M2JjN2M0YzAiOnsiY3JlYXRlIjo2MDAwMDAwMDAwMDAsImRlbGV0ZSI6OTAwMDAwMDAwMDAwfSwic2NoZW1hX3ZlcnNpb24iOiIxIn0=",
          "dependencies": [
            "aws_security_group.sg_frontend",
            "aws_vpc.vpc_principal"
          ]
        }
      ]
    },
    {
      "mode": "managed",
      "type": "aws_security_group",
      "name": "sg_backend_2",
      "provider": "provider[\"registry.terraform.io/hashicorp/aws\"]",
      "instances": [
        {
          "schema_version": 1,
          "attributes": {
            "arn": "arn:aws:ec2:us-east-1:572392556337:security-group/sg-0c2d0b41494379956",
            "description": "Acceso exclusivo para el Backend 2",
            "egress": [
              {
                "cidr_blocks": [
                  "0.0.0.0/0"
                ],
                "description": "",
                "from_port": 0,
                "ipv6_cidr_blocks": [],
                "prefix_list_ids": [],
                "protocol": "-1",
                "security_groups": [],
                "self": false,
                "to_port": 0
              }
            ],
            "id": "sg-0c2d0b41494379956",
            "ingress": [
              {
                "cidr_blocks": [
                  "10.0.0.0/16"
                ],
                "description": "SSH interno",
                "from_port": 22,
                "ipv6_cidr_blocks": [],
                "prefix_list_ids": [],
                "protocol": "tcp",
                "security_groups": [],
                "self": false,
                "to_port": 22
              },
              {
                "cidr_blocks": [],
                "description": "API desde Frontend",
                "from_port": 8080,
                "ipv6_cidr_blocks": [],
                "prefix_list_ids": [],
                "protocol": "tcp",
                "security_groups": [
                  "sg-0a62fae79db4084e5"
                ],
                "self": false,
                "to_port": 8080
              }
            ],
            "name": "sg_backend_2",
            "name_prefix": "",
            "owner_id": "572392556337",
            "revoke_rules_on_delete": false,
            "tags": null,
            "tags_all": {},
            "timeouts": null,
            "vpc_id": "vpc-0e2fb8649cc4cd38f"
          },
          "sensitive_attributes": [],
          "identity_schema_version": 0,
          "private": "eyJlMmJmYjczMC1lY2FhLTExZTYtOGY4OC0zNDM2M2JjN2M0YzAiOnsiY3JlYXRlIjo2MDAwMDAwMDAwMDAsImRlbGV0ZSI6OTAwMDAwMDAwMDAwfSwic2NoZW1hX3ZlcnNpb24iOiIxIn0=",
          "dependencies": [
            "aws_security_group.sg_frontend",
            "aws_vpc.vpc_principal"
          ]
        }
      ]
    },
    {
      "mode": "managed",
      "type": "aws_security_group",
      "name": "sg_datos",
      "provider": "provider[\"registry.terraform.io/hashicorp/aws\"]",
      "instances": [
        {
          "schema_version": 1,
          "attributes": {
            "arn": "arn:aws:ec2:us-east-1:572392556337:security-group/sg-08144cfa3d68889a6",
            "description": "Acceso exclusivo desde los Backends",
            "egress": [
              {
                "cidr_blocks": [
                  "0.0.0.0/0"
                ],
                "description": "",
                "from_port": 0,
                "ipv6_cidr_blocks": [],
                "prefix_list_ids": [],
                "protocol": "-1",
                "security_groups": [],
                "self": false,
                "to_port": 0
              }
            ],
            "id": "sg-08144cfa3d68889a6",
            "ingress": [
              {
                "cidr_blocks": [
                  "10.0.0.0/16"
                ],
                "description": "SSH interno",
                "from_port": 22,
                "ipv6_cidr_blocks": [],
                "prefix_list_ids": [],
                "protocol": "tcp",
                "security_groups": [],
                "self": false,
                "to_port": 22
              },
              {
                "cidr_blocks": [],
                "description": "DB desde Backend 1",
                "from_port": 3306,
                "ipv6_cidr_blocks": [],
                "prefix_list_ids": [],
                "protocol": "tcp",
                "security_groups": [
                  "sg-0248a888de9836dad"
                ],
                "self": false,
                "to_port": 3306
              },
              {
                "cidr_blocks": [],
                "description": "DB desde Backend 2",
                "from_port": 3306,
                "ipv6_cidr_blocks": [],
                "prefix_list_ids": [],
                "protocol": "tcp",
                "security_groups": [
                  "sg-0c2d0b41494379956"
                ],
                "self": false,
                "to_port": 3306
              }
            ],
            "name": "sg_datos",
            "name_prefix": "",
            "owner_id": "572392556337",
            "revoke_rules_on_delete": false,
            "tags": null,
            "tags_all": {},
            "timeouts": null,
            "vpc_id": "vpc-0e2fb8649cc4cd38f"
          },
          "sensitive_attributes": [],
          "identity_schema_version": 0,
          "private": "eyJlMmJmYjczMC1lY2FhLTExZTYtOGY4OC0zNDM2M2JjN2M0YzAiOnsiY3JlYXRlIjo2MDAwMDAwMDAwMDAsImRlbGV0ZSI6OTAwMDAwMDAwMDAwfSwic2NoZW1hX3ZlcnNpb24iOiIxIn0=",
          "dependencies": [
            "aws_security_group.sg_backend_1",
            "aws_security_group.sg_backend_2",
            "aws_security_group.sg_frontend",
            "aws_vpc.vpc_principal"
          ]
        }
      ]
    },
    {
      "mode": "managed",
      "type": "aws_security_group",
      "name": "sg_frontend",
      "provider": "provider[\"registry.terraform.io/hashicorp/aws\"]",
      "instances": [
        {
          "schema_version": 1,
          "attributes": {
            "arn": "arn:aws:ec2:us-east-1:572392556337:security-group/sg-0a62fae79db4084e5",
            "description": "Acceso para el Frontend desde Internet",
            "egress": [
              {
                "cidr_blocks": [
                  "0.0.0.0/0"
                ],
                "description": "",
                "from_port": 0,
                "ipv6_cidr_blocks": [],
                "prefix_list_ids": [],
                "protocol": "-1",
                "security_groups": [],
                "self": false,
                "to_port": 0
              }
            ],
            "id": "sg-0a62fae79db4084e5",
            "ingress": [
              {
                "cidr_blocks": [
                  "0.0.0.0/0"
                ],
                "description": "HTTP desde Internet",
                "from_port": 80,
                "ipv6_cidr_blocks": [],
                "prefix_list_ids": [],
                "protocol": "tcp",
                "security_groups": [],
                "self": false,
                "to_port": 80
              },
              {
                "cidr_blocks": [
                  "0.0.0.0/0"
                ],
                "description": "HTTPS desde Internet",
                "from_port": 443,
                "ipv6_cidr_blocks": [],
                "prefix_list_ids": [],
                "protocol": "tcp",
                "security_groups": [],
                "self": false,
                "to_port": 443
              },
              {
                "cidr_blocks": [
                  "0.0.0.0/0"
                ],
                "description": "SSH",
                "from_port": 22,
                "ipv6_cidr_blocks": [],
                "prefix_list_ids": [],
                "protocol": "tcp",
                "security_groups": [],
                "self": false,
                "to_port": 22
              }
            ],
            "name": "sg_frontend",
            "name_prefix": "",
            "owner_id": "572392556337",
            "revoke_rules_on_delete": false,
            "tags": null,
            "tags_all": {},
            "timeouts": null,
            "vpc_id": "vpc-0e2fb8649cc4cd38f"
          },
          "sensitive_attributes": [],
          "identity_schema_version": 0,
          "private": "eyJlMmJmYjczMC1lY2FhLTExZTYtOGY4OC0zNDM2M2JjN2M0YzAiOnsiY3JlYXRlIjo2MDAwMDAwMDAwMDAsImRlbGV0ZSI6OTAwMDAwMDAwMDAwfSwic2NoZW1hX3ZlcnNpb24iOiIxIn0=",
          "dependencies": [
            "aws_vpc.vpc_principal"
          ]
        }
      ]
    },
    {
      "mode": "managed",
      "type": "aws_subnet",
      "name": "subred_back1",
      "provider": "provider[\"registry.terraform.io/hashicorp/aws\"]",
      "instances": [
        {
          "schema_version": 1,
          "attributes": {
            "arn": "arn:aws:ec2:us-east-1:572392556337:subnet/subnet-05df1361e319f0ee1",
            "assign_ipv6_address_on_creation": false,
            "availability_zone": "us-east-1a",
            "availability_zone_id": "use1-az4",
            "cidr_block": "10.0.2.0/24",
            "customer_owned_ipv4_pool": "",
            "enable_dns64": false,
            "enable_lni_at_device_index": 0,
            "enable_resource_name_dns_a_record_on_launch": false,
            "enable_resource_name_dns_aaaa_record_on_launch": false,
            "id": "subnet-05df1361e319f0ee1",
            "ipv6_cidr_block": "",
            "ipv6_cidr_block_association_id": "",
            "ipv6_native": false,
            "map_customer_owned_ip_on_launch": false,
            "map_public_ip_on_launch": false,
            "outpost_arn": "",
            "owner_id": "572392556337",
            "private_dns_hostname_type_on_launch": "ip-name",
            "tags": {
              "Name": "subred-backend1-privada"
            },
            "tags_all": {
              "Name": "subred-backend1-privada"
            },
            "timeouts": null,
            "vpc_id": "vpc-0e2fb8649cc4cd38f"
          },
          "sensitive_attributes": [],
          "identity_schema_version": 0,
          "private": "eyJlMmJmYjczMC1lY2FhLTExZTYtOGY4OC0zNDM2M2JjN2M0YzAiOnsiY3JlYXRlIjo2MDAwMDAwMDAwMDAsImRlbGV0ZSI6MTIwMDAwMDAwMDAwMH0sInNjaGVtYV92ZXJzaW9uIjoiMSJ9",
          "dependencies": [
            "aws_vpc.vpc_principal"
          ]
        }
      ]
    },
    {
      "mode": "managed",
      "type": "aws_subnet",
      "name": "subred_back2",
      "provider": "provider[\"registry.terraform.io/hashicorp/aws\"]",
      "instances": [
        {
          "schema_version": 1,
          "attributes": {
            "arn": "arn:aws:ec2:us-east-1:572392556337:subnet/subnet-0431dff86aa4604ee",
            "assign_ipv6_address_on_creation": false,
            "availability_zone": "us-east-1a",
            "availability_zone_id": "use1-az4",
            "cidr_block": "10.0.3.0/24",
            "customer_owned_ipv4_pool": "",
            "enable_dns64": false,
            "enable_lni_at_device_index": 0,
            "enable_resource_name_dns_a_record_on_launch": false,
            "enable_resource_name_dns_aaaa_record_on_launch": false,
            "id": "subnet-0431dff86aa4604ee",
            "ipv6_cidr_block": "",
            "ipv6_cidr_block_association_id": "",
            "ipv6_native": false,
            "map_customer_owned_ip_on_launch": false,
            "map_public_ip_on_launch": false,
            "outpost_arn": "",
            "owner_id": "572392556337",
            "private_dns_hostname_type_on_launch": "ip-name",
            "tags": {
              "Name": "subred-backend2-privada"
            },
            "tags_all": {
              "Name": "subred-backend2-privada"
            },
            "timeouts": null,
            "vpc_id": "vpc-0e2fb8649cc4cd38f"
          },
          "sensitive_attributes": [],
          "identity_schema_version": 0,
          "private": "eyJlMmJmYjczMC1lY2FhLTExZTYtOGY4OC0zNDM2M2JjN2M0YzAiOnsiY3JlYXRlIjo2MDAwMDAwMDAwMDAsImRlbGV0ZSI6MTIwMDAwMDAwMDAwMH0sInNjaGVtYV92ZXJzaW9uIjoiMSJ9",
          "dependencies": [
            "aws_vpc.vpc_principal"
          ]
        }
      ]
    },
    {
      "mode": "managed",
      "type": "aws_subnet",
      "name": "subred_datos",
      "provider": "provider[\"registry.terraform.io/hashicorp/aws\"]",
      "instances": [
        {
          "schema_version": 1,
          "attributes": {
            "arn": "arn:aws:ec2:us-east-1:572392556337:subnet/subnet-02df7d3d77a6c7e50",
            "assign_ipv6_address_on_creation": false,
            "availability_zone": "us-east-1a",
            "availability_zone_id": "use1-az4",
            "cidr_block": "10.0.4.0/24",
            "customer_owned_ipv4_pool": "",
            "enable_dns64": false,
            "enable_lni_at_device_index": 0,
            "enable_resource_name_dns_a_record_on_launch": false,
            "enable_resource_name_dns_aaaa_record_on_launch": false,
            "id": "subnet-02df7d3d77a6c7e50",
            "ipv6_cidr_block": "",
            "ipv6_cidr_block_association_id": "",
            "ipv6_native": false,
            "map_customer_owned_ip_on_launch": false,
            "map_public_ip_on_launch": false,
            "outpost_arn": "",
            "owner_id": "572392556337",
            "private_dns_hostname_type_on_launch": "ip-name",
            "tags": {
              "Name": "subred-datos-privada"
            },
            "tags_all": {
              "Name": "subred-datos-privada"
            },
            "timeouts": null,
            "vpc_id": "vpc-0e2fb8649cc4cd38f"
          },
          "sensitive_attributes": [],
          "identity_schema_version": 0,
          "private": "eyJlMmJmYjczMC1lY2FhLTExZTYtOGY4OC0zNDM2M2JjN2M0YzAiOnsiY3JlYXRlIjo2MDAwMDAwMDAwMDAsImRlbGV0ZSI6MTIwMDAwMDAwMDAwMH0sInNjaGVtYV92ZXJzaW9uIjoiMSJ9",
          "dependencies": [
            "aws_vpc.vpc_principal"
          ]
        }
      ]
    },
    {
      "mode": "managed",
      "type": "aws_subnet",
      "name": "subred_front",
      "provider": "provider[\"registry.terraform.io/hashicorp/aws\"]",
      "instances": [
        {
          "schema_version": 1,
          "attributes": {
            "arn": "arn:aws:ec2:us-east-1:572392556337:subnet/subnet-0e090c2b44655abd9",
            "assign_ipv6_address_on_creation": false,
            "availability_zone": "us-east-1a",
            "availability_zone_id": "use1-az4",
            "cidr_block": "10.0.1.0/24",
            "customer_owned_ipv4_pool": "",
            "enable_dns64": false,
            "enable_lni_at_device_index": 0,
            "enable_resource_name_dns_a_record_on_launch": false,
            "enable_resource_name_dns_aaaa_record_on_launch": false,
            "id": "subnet-0e090c2b44655abd9",
            "ipv6_cidr_block": "",
            "ipv6_cidr_block_association_id": "",
            "ipv6_native": false,
            "map_customer_owned_ip_on_launch": false,
            "map_public_ip_on_launch": true,
            "outpost_arn": "",
            "owner_id": "572392556337",
            "private_dns_hostname_type_on_launch": "ip-name",
            "tags": {
              "Name": "subred-frontend-publica"
            },
            "tags_all": {
              "Name": "subred-frontend-publica"
            },
            "timeouts": null,
            "vpc_id": "vpc-0e2fb8649cc4cd38f"
          },
          "sensitive_attributes": [],
          "identity_schema_version": 0,
          "private": "eyJlMmJmYjczMC1lY2FhLTExZTYtOGY4OC0zNDM2M2JjN2M0YzAiOnsiY3JlYXRlIjo2MDAwMDAwMDAwMDAsImRlbGV0ZSI6MTIwMDAwMDAwMDAwMH0sInNjaGVtYV92ZXJzaW9uIjoiMSJ9",
          "dependencies": [
            "aws_vpc.vpc_principal"
          ]
        }
      ]
    },
    {
      "mode": "managed",
      "type": "aws_vpc",
      "name": "vpc_principal",
      "provider": "provider[\"registry.terraform.io/hashicorp/aws\"]",
      "instances": [
        {
          "schema_version": 1,
          "attributes": {
            "arn": "arn:aws:ec2:us-east-1:572392556337:vpc/vpc-0e2fb8649cc4cd38f",
            "assign_generated_ipv6_cidr_block": false,
            "cidr_block": "10.0.0.0/16",
            "default_network_acl_id": "acl-0860c792d75b5fb24",
            "default_route_table_id": "rtb-094cd70e675e8cbc2",
            "default_security_group_id": "sg-06b3dade3ef905708",
            "dhcp_options_id": "dopt-06c71b98defd657f3",
            "enable_dns_hostnames": true,
            "enable_dns_support": true,
            "enable_network_address_usage_metrics": false,
            "id": "vpc-0e2fb8649cc4cd38f",
            "instance_tenancy": "default",
            "ipv4_ipam_pool_id": null,
            "ipv4_netmask_length": null,
            "ipv6_association_id": "",
            "ipv6_cidr_block": "",
            "ipv6_cidr_block_network_border_group": "",
            "ipv6_ipam_pool_id": "",
            "ipv6_netmask_length": 0,
            "main_route_table_id": "rtb-094cd70e675e8cbc2",
            "owner_id": "572392556337",
            "tags": {
              "Name": "vpc-principal-4capas"
            },
            "tags_all": {
              "Name": "vpc-principal-4capas"
            }
          },
          "sensitive_attributes": [],
          "identity_schema_version": 0,
          "private": "eyJzY2hlbWFfdmVyc2lvbiI6IjEifQ=="
        }
      ]
    },
    {
      "mode": "managed",
      "type": "local_file",
      "name": "guardar_clave",
      "provider": "provider[\"registry.terraform.io/hashicorp/local\"]",
      "instances": [
        {
          "schema_version": 0,
          "attributes": {
            "content": "-----BEGIN RSA PRIVATE KEY-----\nMIIJKAIBAAKCAgEAwUu0WpWSTe9ASgwMr9PU3SG3FFQQOv+duFU9ga0EqiefkEiv\n2zzAzclXRod/XpbqNRkAJIN2UnsDbdiOtdmqWBigfCPjWU0o3nzyoYbDk37uwHTQ\nhCjilzpXxDROwxu752SHro1PTqPobTQBWqPO/7JKzgRH4jmgfGsIMUcs5YCl52uv\nC6afiKNuv/5aUHbNnfMBmAj7dA9KAy+mDXI42zwLKv/IviYPj7+6xitQBZHAhNRD\nZXCtu1At3Kmw13F1K2ih4lwZBa0BmY59tEIDdx13cohAN0uyNQanUxZ9WbrErnlt\nuT+xOLHOgp5c98QMvRVtDP+hpWzw0rCX+ULyzHWc5Fdh/534s63tScDNBdDUi1Ki\nkgQgyVZtm+2yANFXMAsrCiR6a0zIGD287ZXWZjjra6eTp/3PAH6uuGqYMYUcfO73\n3dxJYdyaT9R5hNab+sz6AO1VT9R184ce8x+oqExplCRAMGzhXwmJaF1lkFWj23vx\n/MQmUrxcZSXweivuv2eQZCu8fzhw8XNMRGGEEmbn0/riSoXNr8w+MqIj3q8arSUB\nZwtOccvdSx0k6nQ4w/8m0TZc02F7chy30gG2WzfriwPLqcTkQ6KjjZTFoNC3yEjg\nlZKZPI9v0Kf4qRRktfhMk4AMAFGcbj3rD44hgV7FIMGHd2VuyG9VAPke2UECAwEA\nAQKCAgAgN8mWZaLOqaeqD+sXbXPn7cQxt7dC1jNIM7D+ScPixprydiMVpEEwq7QH\n1fLVZcsg0Yt0CpNwuP8/0l4rEl4xs90gA+1Th6hduS7J3IgBsCEEZBQTSytFcJyL\nX/qWy6scrOVuozAKWAiYFxh4rqAEf4e3YgBHRTqqMj7Z09a4ZCKC+bBh/UJPCIqf\nproP+lVYU9Y6rJiY5il8cXc4e4bdh9sGrj6b7wUd/SOY/0QlwX74xNZ89HSIqZsT\nUhdfOZKBiz2cWKR1DTqciSMLpgsk0f0EUpB9hvjrnLHMCA4ZpCc/O48d1u9nlz9o\nBxRQ2dUTuRwFlCAxzgAv5e5WxiFox4gdacHfdj6eQksMx04qRGjXIBcfdX++a8cl\nng3pCwUh0rcSUzUiNtBnon4zlvvsUTXaj/Mm4ApPjckyfJNlukv4Ihx7xo1YXIwt\nVybiL2yQqp9rTaHv3Fd4H9Va7+OuValcHGB4qOtMgf+hhC9fmqc7/20oYJFT1m05\nCvWlnk/LlCMxSIiDwG9iazep/ro1J5P29h3VBjqH/PDyRA6I2FVR9PHyMSoJBfEP\nplFDojlCCLk8GMCTxP+TI/OYDVn73vN72N/r1FWX9Yn/7VWuZH9pjLs2kz/moHAO\n1Y40xVg8RjUlMb+PODJJVQbI11VepIFYF2ex0ZyrWtgt+EWUaQKCAQEA7hc6va/2\nTDnr6pJbhhwPii5f1uZPwPtDRLrDR0i46X0ryvycA05RPM2hkTTALWJ0jORvOwM7\n0cwcyHwEFqsh+B1d4LemMOufwwONtMUDJuWu0vIzLPORETza1sEIC13MZ9ujfzT3\nbnhwLL+DbOLhuzH2kyOODfgzS+uf1WnKbrjtmCik6fUJ+/FoQ80KG94ZSew7q+2F\nUzb6CLebIAWUOpnbcm50AN9Lj2q36rAF5aydOAemt4AtuDyZOkhNBpLR//kTQJSV\nw0LPl8o42GnjaDnRpVQgiPi44TqABpDGqdHr1v88nEwMP5wryHVqrKQqPyBBfjQA\nR1hVtNCtAJb0vQKCAQEAz9XiXVp/trpT1Ca/0Xda9zwTWJ90h275HVI2KmCJff0I\nggPGuMRjjttFlxqUDVWldLcKWXiCsGswHCA1DcYgfYA99CoGyBt46al2bjWhJECE\nu8uBX5Ax5U1zfscCZ16HKidqA0DjubuFsA7vgGiIYQf8EmOv+Y2UJKLjhNeGsUKS\nOA0TgMdwhuREGDwvToOVfjb66Yr9ayBFxuDrgHWFVyVmvhJOuvtWX6VhqCccXoe9\nUUrauH96WaNWFtUW+Z1ZgUToXN13iCdJquFzx77eG8eh6ld/O6auTVgZUc4ydbSI\nweuvYqjztnkC7dKX3AkuiS/j9705tXKQINwfXtmY1QKCAQBBkSQcGNk7JLhTYPrT\nc+bTpvG9vK859fgQdV5RwzUpF893lxlfz7GPjRFxa5WA6hwusLnxBnLy08MZcw2t\nMHOqYGv59plN35WfntrnbVnw3E/Ix+pP9sN8e8XIXmBYwPwJnfLolS2Ovpwltpf6\n5IBFjPzaiHAWaMO3pKvfmcKlu0ezH35K77BQMasFAPJHumI8eVH1hvOwdvNkcyvF\nJcQsXzKP0NshYlzsofcEKnV1SpQBWhoPbr0of4ezBTYxGT27wFwM7N5RZ5TDuGzv\nLDnz+fhCD2jmT5iabgHTzQrouWa5TpDieg7ldZyZF7zIzmzT9Y4Tsz5gZ3My2ETM\nZMYBAoIBAC+q14MfuYD4VTeoN4BcRpHDxpAh6kERs7ME4wVvJLmvqh7frNk9ubPP\nGLPiVaiFRzBwtr/0gszhmKQqwuBI27TND+iLJwkIPAAjbNU0GaRN4+OKdj6rvLXh\nwKaIEEYTCR8i8Q6T+Gbl2nCZzFaAIx9WDHtPP9IVpa+NaG9UW0EWiqCuZxW3KFjX\ny8JfM15nkYbkJ0IfLaY/PaGyfnD1A0MMgfcADeyWrqW7MZ22cqw/p60YZPfBzRb3\n/ku4Tc+sRhX+7ug1py+kCyJVGQ/r99cZP0qXDMhqnzmABjab+zjB0kffvVb8dwEX\n2hMfpNLDjFfMkxWD4dN61hGjStKfR40CggEBAM0oP5hG8jMyJyGlkYxIlTOevuIe\nWWl4PQjIq/taH/EolFqxNltel6qcCDCpX1eytIo0G4/CrBPj4pJ91PWX2FDlbfli\nM/D8AiupUg9k7er2S6FlcaAuSn+YvT5yT4fSBBRfbTRnvK/l5tm70tyuu3O3pSb2\n/wEj+NjU1+pjGr1UGC+BgA8FsTi4XdTe4DcI+f7DO3VMraOFRkJmyZWrmmNeKJwp\nkhspUCuIPCiREVI9ItF4SeBS4AKqJ8wkdA9dXkE7BZpLTzule8kfqhHEwdhQ99WX\ni66NGD3qRFd7xewfBHCJ8/ls75rBUDgkbAFkgru+Mrz8nYrlW5E9JT1fbOg=\n-----END RSA PRIVATE KEY-----\n",
            "content_base64": null,
            "content_base64sha256": "mOmNivG75rhRX35D1MMxb0oHzpsbFb5oF7IIbBZX5cM=",
            "content_base64sha512": "c/B+nEFjX2uR2HW9A80zo28XL8OmKl6urC109W+X88Jbl7PsmofetC8mpcjbP8RA2Q7E0ogDFbWqUjGP40A5Qw==",
            "content_md5": "b6ee4dc6704dcb0f03dc4cb3b76c643f",
            "content_sha1": "4b8936f336606142bb90cd5e0eb6ff9b3234cdf8",
            "content_sha256": "98e98d8af1bbe6b8515f7e43d4c3316f4a07ce9b1b15be6817b2086c1657e5c3",
            "content_sha512": "73f07e9c41635f6b91d875bd03cd33a36f172fc3a62a5eaeac2d74f56f97f3c25b97b3ec9a87deb42f26a5c8db3fc440d90ec4d2880315b5aa52318fe3403943",
            "directory_permission": "0777",
            "file_permission": "0400",
            "filename": "./clave-4-capas.pem",
            "id": "4b8936f336606142bb90cd5e0eb6ff9b3234cdf8",
            "sensitive_content": null,
            "source": null
          },
          "sensitive_attributes": [
            [
              {
                "type": "get_attr",
                "value": "content"
              }
            ],
            [
              {
                "type": "get_attr",
                "value": "sensitive_content"
              }
            ]
          ],
          "identity_schema_version": 0,
          "dependencies": [
            "tls_private_key.clave_ssh"
          ]
        }
      ]
    },
    {
      "mode": "managed",
      "type": "tls_private_key",
      "name": "clave_ssh",
      "provider": "provider[\"registry.terraform.io/hashicorp/tls\"]",
      "instances": [
        {
          "schema_version": 1,
          "attributes": {
            "algorithm": "RSA",
            "ecdsa_curve": "P224",
            "id": "647f78c458018275106c06fff304a49dcbdff114",
            "private_key_openssh": "-----BEGIN OPENSSH PRIVATE KEY-----\nb3BlbnNzaC1rZXktdjEAAAAABG5vbmUAAAAEbm9uZQAAAAAAAAABAAACFwAAAAdz\nc2gtcnNhAAAAAwEAAQAAAgEAwUu0WpWSTe9ASgwMr9PU3SG3FFQQOv+duFU9ga0E\nqiefkEiv2zzAzclXRod/XpbqNRkAJIN2UnsDbdiOtdmqWBigfCPjWU0o3nzyoYbD\nk37uwHTQhCjilzpXxDROwxu752SHro1PTqPobTQBWqPO/7JKzgRH4jmgfGsIMUcs\n5YCl52uvC6afiKNuv/5aUHbNnfMBmAj7dA9KAy+mDXI42zwLKv/IviYPj7+6xitQ\nBZHAhNRDZXCtu1At3Kmw13F1K2ih4lwZBa0BmY59tEIDdx13cohAN0uyNQanUxZ9\nWbrErnltuT+xOLHOgp5c98QMvRVtDP+hpWzw0rCX+ULyzHWc5Fdh/534s63tScDN\nBdDUi1KikgQgyVZtm+2yANFXMAsrCiR6a0zIGD287ZXWZjjra6eTp/3PAH6uuGqY\nMYUcfO733dxJYdyaT9R5hNab+sz6AO1VT9R184ce8x+oqExplCRAMGzhXwmJaF1l\nkFWj23vx/MQmUrxcZSXweivuv2eQZCu8fzhw8XNMRGGEEmbn0/riSoXNr8w+MqIj\n3q8arSUBZwtOccvdSx0k6nQ4w/8m0TZc02F7chy30gG2WzfriwPLqcTkQ6KjjZTF\noNC3yEjglZKZPI9v0Kf4qRRktfhMk4AMAFGcbj3rD44hgV7FIMGHd2VuyG9VAPke\n2UEAAAc4Nz5dQzc+XUMAAAAHc3NoLXJzYQAAAgEAwUu0WpWSTe9ASgwMr9PU3SG3\nFFQQOv+duFU9ga0EqiefkEiv2zzAzclXRod/XpbqNRkAJIN2UnsDbdiOtdmqWBig\nfCPjWU0o3nzyoYbDk37uwHTQhCjilzpXxDROwxu752SHro1PTqPobTQBWqPO/7JK\nzgRH4jmgfGsIMUcs5YCl52uvC6afiKNuv/5aUHbNnfMBmAj7dA9KAy+mDXI42zwL\nKv/IviYPj7+6xitQBZHAhNRDZXCtu1At3Kmw13F1K2ih4lwZBa0BmY59tEIDdx13\ncohAN0uyNQanUxZ9WbrErnltuT+xOLHOgp5c98QMvRVtDP+hpWzw0rCX+ULyzHWc\n5Fdh/534s63tScDNBdDUi1KikgQgyVZtm+2yANFXMAsrCiR6a0zIGD287ZXWZjjr\na6eTp/3PAH6uuGqYMYUcfO733dxJYdyaT9R5hNab+sz6AO1VT9R184ce8x+oqExp\nlCRAMGzhXwmJaF1lkFWj23vx/MQmUrxcZSXweivuv2eQZCu8fzhw8XNMRGGEEmbn\n0/riSoXNr8w+MqIj3q8arSUBZwtOccvdSx0k6nQ4w/8m0TZc02F7chy30gG2Wzfr\niwPLqcTkQ6KjjZTFoNC3yEjglZKZPI9v0Kf4qRRktfhMk4AMAFGcbj3rD44hgV7F\nIMGHd2VuyG9VAPke2UEAAAADAQABAAACACA3yZZlos6pp6oP6xdtc+ftxDG3t0LW\nM0gzsP5Jw+LGmvJ2IxWkQTCrtAfV8tVlyyDRi3QKk3C4/z/SXisSXjGz3SAD7VOH\nqF25LsnciAGwIQRkFBNLK0VwnItf+pbLqxys5W6jMApYCJgXGHiuoAR/h7diAEdF\nOqoyPtnT1rhkIoL5sGH9Qk8Iip+mug/6VVhT1jqsmJjmKXxxdzh7ht2H2wauPpvv\nBR39I5j/RCXBfvjE1nz0dIipmxNSF185koGLPZxYpHUNOpyJIwumCyTR/QRSkH2G\n+OucscwIDhmkJz87jx3W72eXP2gHFFDZ1RO5HAWUIDHOAC/l7lbGIWjHiB1pwd92\nPp5CSwzHTipEaNcgFx91f75rxyWeDekLBSHStxJTNSI20GeifjOW++xRNdqP8ybg\nCk+NyTJ8k2W6S/giHHvGjVhcjC1XJuIvbJCqn2tNoe/cV3gf1Vrv465VqVwcYHio\n60yB/6GEL1+apzv/bShgkVPWbTkK9aWeT8uUIzFIiIPAb2JrN6n+ujUnk/b2HdUG\nOof88PJEDojYVVH08fIxKgkF8Q+mUUOiOUIIuTwYwJPE/5Mj85gNWfve83vY3+vU\nVZf1if/tVa5kf2mMuzaTP+agcA7VjjTFWDxGNSUxv484MklVBsjXVV6kgVgXZ7HR\nnKta2C34RZRpAAABAQDNKD+YRvIzMichpZGMSJUznr7iHllpeD0IyKv7Wh/xKJRa\nsTZbXpeqnAgwqV9XsrSKNBuPwqwT4+KSfdT1l9hQ5W35YjPw/AIrqVIPZO3q9kuh\nZXGgLkp/mL0+ck+H0gQUX200Z7yv5ebZu9Lcrrtzt6Um9v8BI/jY1NfqYxq9VBgv\ngYAPBbE4uF3U3uA3CPn+wzt1TK2jhUZCZsmVq5pjXiicKZIbKVAriDwokRFSPSLR\neEngUuACqifMJHQPXV5BOwWaS087pXvJH6oRxMHYUPfVl4uujRg96kRXe8XsHwRw\nifP5bO+awVA4JGwBZIK7vjK8/J2K5VuRPSU9X2zoAAABAQDuFzq9r/ZMOevqkluG\nHA+KLl/W5k/A+0NEusNHSLjpfSvK/JwDTlE8zaGRNMAtYnSM5G87AzvRzBzIfAQW\nqyH4HV3gt6Yw65/DA420xQMm5a7S8jMs85ERPNrWwQgLXcxn26N/NPdueHAsv4Ns\n4uG7MfaTI44N+DNL65/VacpuuO2YKKTp9Qn78WhDzQob3hlJ7Dur7YVTNvoIt5sg\nBZQ6mdtybnQA30uParfqsAXlrJ04B6a3gC24PJk6SE0GktH/+RNAlJXDQs+XyjjY\naeNoOdGlVCCI+LjhOoAGkMap0evW/zycTAw/nCvIdWqspCo/IEF+NABHWFW00K0A\nlvS9AAABAQDP1eJdWn+2ulPUJr/Rd1r3PBNYn3SHbvkdUjYqYIl9/QiCA8a4xGOO\n20WXGpQNVaV0twpZeIKwazAcIDUNxiB9gD30KgbIG3jpqXZuNaEkQIS7y4FfkDHl\nTXN+xwJnXocqJ2oDQOO5u4WwDu+AaIhhB/wSY6/5jZQkouOE14axQpI4DROAx3CG\n5EQYPC9Og5V+Nvrpiv1rIEXG4OuAdYVXJWa+Ek66+1ZfpWGoJxxeh71RStq4f3pZ\no1YW1Rb5nVmBROhc3XeIJ0mq4XPHvt4bx6HqV387pq5NWBlRzjJ1tIjB669iqPO2\neQLt0pfcCS6JL+P3vTm1cpAg3B9e2ZjVAAAAAAEC\n-----END OPENSSH PRIVATE KEY-----\n",
            "private_key_pem": "-----BEGIN RSA PRIVATE KEY-----\nMIIJKAIBAAKCAgEAwUu0WpWSTe9ASgwMr9PU3SG3FFQQOv+duFU9ga0EqiefkEiv\n2zzAzclXRod/XpbqNRkAJIN2UnsDbdiOtdmqWBigfCPjWU0o3nzyoYbDk37uwHTQ\nhCjilzpXxDROwxu752SHro1PTqPobTQBWqPO/7JKzgRH4jmgfGsIMUcs5YCl52uv\nC6afiKNuv/5aUHbNnfMBmAj7dA9KAy+mDXI42zwLKv/IviYPj7+6xitQBZHAhNRD\nZXCtu1At3Kmw13F1K2ih4lwZBa0BmY59tEIDdx13cohAN0uyNQanUxZ9WbrErnlt\nuT+xOLHOgp5c98QMvRVtDP+hpWzw0rCX+ULyzHWc5Fdh/534s63tScDNBdDUi1Ki\nkgQgyVZtm+2yANFXMAsrCiR6a0zIGD287ZXWZjjra6eTp/3PAH6uuGqYMYUcfO73\n3dxJYdyaT9R5hNab+sz6AO1VT9R184ce8x+oqExplCRAMGzhXwmJaF1lkFWj23vx\n/MQmUrxcZSXweivuv2eQZCu8fzhw8XNMRGGEEmbn0/riSoXNr8w+MqIj3q8arSUB\nZwtOccvdSx0k6nQ4w/8m0TZc02F7chy30gG2WzfriwPLqcTkQ6KjjZTFoNC3yEjg\nlZKZPI9v0Kf4qRRktfhMk4AMAFGcbj3rD44hgV7FIMGHd2VuyG9VAPke2UECAwEA\nAQKCAgAgN8mWZaLOqaeqD+sXbXPn7cQxt7dC1jNIM7D+ScPixprydiMVpEEwq7QH\n1fLVZcsg0Yt0CpNwuP8/0l4rEl4xs90gA+1Th6hduS7J3IgBsCEEZBQTSytFcJyL\nX/qWy6scrOVuozAKWAiYFxh4rqAEf4e3YgBHRTqqMj7Z09a4ZCKC+bBh/UJPCIqf\nproP+lVYU9Y6rJiY5il8cXc4e4bdh9sGrj6b7wUd/SOY/0QlwX74xNZ89HSIqZsT\nUhdfOZKBiz2cWKR1DTqciSMLpgsk0f0EUpB9hvjrnLHMCA4ZpCc/O48d1u9nlz9o\nBxRQ2dUTuRwFlCAxzgAv5e5WxiFox4gdacHfdj6eQksMx04qRGjXIBcfdX++a8cl\nng3pCwUh0rcSUzUiNtBnon4zlvvsUTXaj/Mm4ApPjckyfJNlukv4Ihx7xo1YXIwt\nVybiL2yQqp9rTaHv3Fd4H9Va7+OuValcHGB4qOtMgf+hhC9fmqc7/20oYJFT1m05\nCvWlnk/LlCMxSIiDwG9iazep/ro1J5P29h3VBjqH/PDyRA6I2FVR9PHyMSoJBfEP\nplFDojlCCLk8GMCTxP+TI/OYDVn73vN72N/r1FWX9Yn/7VWuZH9pjLs2kz/moHAO\n1Y40xVg8RjUlMb+PODJJVQbI11VepIFYF2ex0ZyrWtgt+EWUaQKCAQEA7hc6va/2\nTDnr6pJbhhwPii5f1uZPwPtDRLrDR0i46X0ryvycA05RPM2hkTTALWJ0jORvOwM7\n0cwcyHwEFqsh+B1d4LemMOufwwONtMUDJuWu0vIzLPORETza1sEIC13MZ9ujfzT3\nbnhwLL+DbOLhuzH2kyOODfgzS+uf1WnKbrjtmCik6fUJ+/FoQ80KG94ZSew7q+2F\nUzb6CLebIAWUOpnbcm50AN9Lj2q36rAF5aydOAemt4AtuDyZOkhNBpLR//kTQJSV\nw0LPl8o42GnjaDnRpVQgiPi44TqABpDGqdHr1v88nEwMP5wryHVqrKQqPyBBfjQA\nR1hVtNCtAJb0vQKCAQEAz9XiXVp/trpT1Ca/0Xda9zwTWJ90h275HVI2KmCJff0I\nggPGuMRjjttFlxqUDVWldLcKWXiCsGswHCA1DcYgfYA99CoGyBt46al2bjWhJECE\nu8uBX5Ax5U1zfscCZ16HKidqA0DjubuFsA7vgGiIYQf8EmOv+Y2UJKLjhNeGsUKS\nOA0TgMdwhuREGDwvToOVfjb66Yr9ayBFxuDrgHWFVyVmvhJOuvtWX6VhqCccXoe9\nUUrauH96WaNWFtUW+Z1ZgUToXN13iCdJquFzx77eG8eh6ld/O6auTVgZUc4ydbSI\nweuvYqjztnkC7dKX3AkuiS/j9705tXKQINwfXtmY1QKCAQBBkSQcGNk7JLhTYPrT\nc+bTpvG9vK859fgQdV5RwzUpF893lxlfz7GPjRFxa5WA6hwusLnxBnLy08MZcw2t\nMHOqYGv59plN35WfntrnbVnw3E/Ix+pP9sN8e8XIXmBYwPwJnfLolS2Ovpwltpf6\n5IBFjPzaiHAWaMO3pKvfmcKlu0ezH35K77BQMasFAPJHumI8eVH1hvOwdvNkcyvF\nJcQsXzKP0NshYlzsofcEKnV1SpQBWhoPbr0of4ezBTYxGT27wFwM7N5RZ5TDuGzv\nLDnz+fhCD2jmT5iabgHTzQrouWa5TpDieg7ldZyZF7zIzmzT9Y4Tsz5gZ3My2ETM\nZMYBAoIBAC+q14MfuYD4VTeoN4BcRpHDxpAh6kERs7ME4wVvJLmvqh7frNk9ubPP\nGLPiVaiFRzBwtr/0gszhmKQqwuBI27TND+iLJwkIPAAjbNU0GaRN4+OKdj6rvLXh\nwKaIEEYTCR8i8Q6T+Gbl2nCZzFaAIx9WDHtPP9IVpa+NaG9UW0EWiqCuZxW3KFjX\ny8JfM15nkYbkJ0IfLaY/PaGyfnD1A0MMgfcADeyWrqW7MZ22cqw/p60YZPfBzRb3\n/ku4Tc+sRhX+7ug1py+kCyJVGQ/r99cZP0qXDMhqnzmABjab+zjB0kffvVb8dwEX\n2hMfpNLDjFfMkxWD4dN61hGjStKfR40CggEBAM0oP5hG8jMyJyGlkYxIlTOevuIe\nWWl4PQjIq/taH/EolFqxNltel6qcCDCpX1eytIo0G4/CrBPj4pJ91PWX2FDlbfli\nM/D8AiupUg9k7er2S6FlcaAuSn+YvT5yT4fSBBRfbTRnvK/l5tm70tyuu3O3pSb2\n/wEj+NjU1+pjGr1UGC+BgA8FsTi4XdTe4DcI+f7DO3VMraOFRkJmyZWrmmNeKJwp\nkhspUCuIPCiREVI9ItF4SeBS4AKqJ8wkdA9dXkE7BZpLTzule8kfqhHEwdhQ99WX\ni66NGD3qRFd7xewfBHCJ8/ls75rBUDgkbAFkgru+Mrz8nYrlW5E9JT1fbOg=\n-----END RSA PRIVATE KEY-----\n",
            "private_key_pem_pkcs8": "-----BEGIN PRIVATE KEY-----\nMIIJQgIBADANBgkqhkiG9w0BAQEFAASCCSwwggkoAgEAAoICAQDBS7RalZJN70BK\nDAyv09TdIbcUVBA6/524VT2BrQSqJ5+QSK/bPMDNyVdGh39eluo1GQAkg3ZSewNt\n2I612apYGKB8I+NZTSjefPKhhsOTfu7AdNCEKOKXOlfENE7DG7vnZIeujU9Oo+ht\nNAFao87/skrOBEfiOaB8awgxRyzlgKXna68Lpp+Io26//lpQds2d8wGYCPt0D0oD\nL6YNcjjbPAsq/8i+Jg+Pv7rGK1AFkcCE1ENlcK27UC3cqbDXcXUraKHiXBkFrQGZ\njn20QgN3HXdyiEA3S7I1BqdTFn1ZusSueW25P7E4sc6Cnlz3xAy9FW0M/6GlbPDS\nsJf5QvLMdZzkV2H/nfizre1JwM0F0NSLUqKSBCDJVm2b7bIA0VcwCysKJHprTMgY\nPbztldZmOOtrp5On/c8Afq64apgxhRx87vfd3Elh3JpP1HmE1pv6zPoA7VVP1HXz\nhx7zH6ioTGmUJEAwbOFfCYloXWWQVaPbe/H8xCZSvFxlJfB6K+6/Z5BkK7x/OHDx\nc0xEYYQSZufT+uJKhc2vzD4yoiPerxqtJQFnC05xy91LHSTqdDjD/ybRNlzTYXty\nHLfSAbZbN+uLA8upxORDoqONlMWg0LfISOCVkpk8j2/Qp/ipFGS1+EyTgAwAUZxu\nPesPjiGBXsUgwYd3ZW7Ib1UA+R7ZQQIDAQABAoICACA3yZZlos6pp6oP6xdtc+ft\nxDG3t0LWM0gzsP5Jw+LGmvJ2IxWkQTCrtAfV8tVlyyDRi3QKk3C4/z/SXisSXjGz\n3SAD7VOHqF25LsnciAGwIQRkFBNLK0VwnItf+pbLqxys5W6jMApYCJgXGHiuoAR/\nh7diAEdFOqoyPtnT1rhkIoL5sGH9Qk8Iip+mug/6VVhT1jqsmJjmKXxxdzh7ht2H\n2wauPpvvBR39I5j/RCXBfvjE1nz0dIipmxNSF185koGLPZxYpHUNOpyJIwumCyTR\n/QRSkH2G+OucscwIDhmkJz87jx3W72eXP2gHFFDZ1RO5HAWUIDHOAC/l7lbGIWjH\niB1pwd92Pp5CSwzHTipEaNcgFx91f75rxyWeDekLBSHStxJTNSI20GeifjOW++xR\nNdqP8ybgCk+NyTJ8k2W6S/giHHvGjVhcjC1XJuIvbJCqn2tNoe/cV3gf1Vrv465V\nqVwcYHio60yB/6GEL1+apzv/bShgkVPWbTkK9aWeT8uUIzFIiIPAb2JrN6n+ujUn\nk/b2HdUGOof88PJEDojYVVH08fIxKgkF8Q+mUUOiOUIIuTwYwJPE/5Mj85gNWfve\n83vY3+vUVZf1if/tVa5kf2mMuzaTP+agcA7VjjTFWDxGNSUxv484MklVBsjXVV6k\ngVgXZ7HRnKta2C34RZRpAoIBAQDuFzq9r/ZMOevqkluGHA+KLl/W5k/A+0NEusNH\nSLjpfSvK/JwDTlE8zaGRNMAtYnSM5G87AzvRzBzIfAQWqyH4HV3gt6Yw65/DA420\nxQMm5a7S8jMs85ERPNrWwQgLXcxn26N/NPdueHAsv4Ns4uG7MfaTI44N+DNL65/V\nacpuuO2YKKTp9Qn78WhDzQob3hlJ7Dur7YVTNvoIt5sgBZQ6mdtybnQA30uParfq\nsAXlrJ04B6a3gC24PJk6SE0GktH/+RNAlJXDQs+XyjjYaeNoOdGlVCCI+LjhOoAG\nkMap0evW/zycTAw/nCvIdWqspCo/IEF+NABHWFW00K0AlvS9AoIBAQDP1eJdWn+2\nulPUJr/Rd1r3PBNYn3SHbvkdUjYqYIl9/QiCA8a4xGOO20WXGpQNVaV0twpZeIKw\nazAcIDUNxiB9gD30KgbIG3jpqXZuNaEkQIS7y4FfkDHlTXN+xwJnXocqJ2oDQOO5\nu4WwDu+AaIhhB/wSY6/5jZQkouOE14axQpI4DROAx3CG5EQYPC9Og5V+Nvrpiv1r\nIEXG4OuAdYVXJWa+Ek66+1ZfpWGoJxxeh71RStq4f3pZo1YW1Rb5nVmBROhc3XeI\nJ0mq4XPHvt4bx6HqV387pq5NWBlRzjJ1tIjB669iqPO2eQLt0pfcCS6JL+P3vTm1\ncpAg3B9e2ZjVAoIBAEGRJBwY2TskuFNg+tNz5tOm8b28rzn1+BB1XlHDNSkXz3eX\nGV/PsY+NEXFrlYDqHC6wufEGcvLTwxlzDa0wc6pga/n2mU3flZ+e2udtWfDcT8jH\n6k/2w3x7xcheYFjA/Amd8uiVLY6+nCW2l/rkgEWM/NqIcBZow7ekq9+ZwqW7R7Mf\nfkrvsFAxqwUA8ke6Yjx5UfWG87B282RzK8UlxCxfMo/Q2yFiXOyh9wQqdXVKlAFa\nGg9uvSh/h7MFNjEZPbvAXAzs3lFnlMO4bO8sOfP5+EIPaOZPmJpuAdPNCui5ZrlO\nkOJ6DuV1nJkXvMjObNP1jhOzPmBnczLYRMxkxgECggEAL6rXgx+5gPhVN6g3gFxG\nkcPGkCHqQRGzswTjBW8kua+qHt+s2T25s88Ys+JVqIVHMHC2v/SCzOGYpCrC4Ejb\ntM0P6IsnCQg8ACNs1TQZpE3j44p2Pqu8teHApogQRhMJHyLxDpP4ZuXacJnMVoAj\nH1YMe08/0hWlr41ob1RbQRaKoK5nFbcoWNfLwl8zXmeRhuQnQh8tpj89obJ+cPUD\nQwyB9wAN7JaupbsxnbZyrD+nrRhk98HNFvf+S7hNz6xGFf7u6DWnL6QLIlUZD+v3\n1xk/SpcMyGqfOYAGNpv7OMHSR9+9Vvx3ARfaEx+k0sOMV8yTFYPh03rWEaNK0p9H\njQKCAQEAzSg/mEbyMzInIaWRjEiVM56+4h5ZaXg9CMir+1of8SiUWrE2W16XqpwI\nMKlfV7K0ijQbj8KsE+Pikn3U9ZfYUOVt+WIz8PwCK6lSD2Tt6vZLoWVxoC5Kf5i9\nPnJPh9IEFF9tNGe8r+Xm2bvS3K67c7elJvb/ASP42NTX6mMavVQYL4GADwWxOLhd\n1N7gNwj5/sM7dUyto4VGQmbJlauaY14onCmSGylQK4g8KJERUj0i0XhJ4FLgAqon\nzCR0D11eQTsFmktPO6V7yR+qEcTB2FD31ZeLro0YPepEV3vF7B8EcInz+WzvmsFQ\nOCRsAWSCu74yvPydiuVbkT0lPV9s6A==\n-----END PRIVATE KEY-----\n",
            "public_key_fingerprint_md5": "8f:38:54:4d:83:fe:dc:53:0c:ec:75:b0:fb:99:89:f4",
            "public_key_fingerprint_sha256": "SHA256:penaFqJx5vfWAwiBzg/LqymPa/uE7/8r86xEJOjbaL0",
            "public_key_openssh": "ssh-rsa AAAAB3NzaC1yc2EAAAADAQABAAACAQDBS7RalZJN70BKDAyv09TdIbcUVBA6/524VT2BrQSqJ5+QSK/bPMDNyVdGh39eluo1GQAkg3ZSewNt2I612apYGKB8I+NZTSjefPKhhsOTfu7AdNCEKOKXOlfENE7DG7vnZIeujU9Oo+htNAFao87/skrOBEfiOaB8awgxRyzlgKXna68Lpp+Io26//lpQds2d8wGYCPt0D0oDL6YNcjjbPAsq/8i+Jg+Pv7rGK1AFkcCE1ENlcK27UC3cqbDXcXUraKHiXBkFrQGZjn20QgN3HXdyiEA3S7I1BqdTFn1ZusSueW25P7E4sc6Cnlz3xAy9FW0M/6GlbPDSsJf5QvLMdZzkV2H/nfizre1JwM0F0NSLUqKSBCDJVm2b7bIA0VcwCysKJHprTMgYPbztldZmOOtrp5On/c8Afq64apgxhRx87vfd3Elh3JpP1HmE1pv6zPoA7VVP1HXzhx7zH6ioTGmUJEAwbOFfCYloXWWQVaPbe/H8xCZSvFxlJfB6K+6/Z5BkK7x/OHDxc0xEYYQSZufT+uJKhc2vzD4yoiPerxqtJQFnC05xy91LHSTqdDjD/ybRNlzTYXtyHLfSAbZbN+uLA8upxORDoqONlMWg0LfISOCVkpk8j2/Qp/ipFGS1+EyTgAwAUZxuPesPjiGBXsUgwYd3ZW7Ib1UA+R7ZQQ==\n",
            "public_key_pem": "-----BEGIN PUBLIC KEY-----\nMIICIjANBgkqhkiG9w0BAQEFAAOCAg8AMIICCgKCAgEAwUu0WpWSTe9ASgwMr9PU\n3SG3FFQQOv+duFU9ga0EqiefkEiv2zzAzclXRod/XpbqNRkAJIN2UnsDbdiOtdmq\nWBigfCPjWU0o3nzyoYbDk37uwHTQhCjilzpXxDROwxu752SHro1PTqPobTQBWqPO\n/7JKzgRH4jmgfGsIMUcs5YCl52uvC6afiKNuv/5aUHbNnfMBmAj7dA9KAy+mDXI4\n2zwLKv/IviYPj7+6xitQBZHAhNRDZXCtu1At3Kmw13F1K2ih4lwZBa0BmY59tEID\ndx13cohAN0uyNQanUxZ9WbrErnltuT+xOLHOgp5c98QMvRVtDP+hpWzw0rCX+ULy\nzHWc5Fdh/534s63tScDNBdDUi1KikgQgyVZtm+2yANFXMAsrCiR6a0zIGD287ZXW\nZjjra6eTp/3PAH6uuGqYMYUcfO733dxJYdyaT9R5hNab+sz6AO1VT9R184ce8x+o\nqExplCRAMGzhXwmJaF1lkFWj23vx/MQmUrxcZSXweivuv2eQZCu8fzhw8XNMRGGE\nEmbn0/riSoXNr8w+MqIj3q8arSUBZwtOccvdSx0k6nQ4w/8m0TZc02F7chy30gG2\nWzfriwPLqcTkQ6KjjZTFoNC3yEjglZKZPI9v0Kf4qRRktfhMk4AMAFGcbj3rD44h\ngV7FIMGHd2VuyG9VAPke2UECAwEAAQ==\n-----END PUBLIC KEY-----\n",
            "rsa_bits": 4096
          },
          "sensitive_attributes": [
            [
              {
                "type": "get_attr",
                "value": "private_key_openssh"
              }
            ],
            [
              {
                "type": "get_attr",
                "value": "private_key_pem"
              }
            ],
            [
              {
                "type": "get_attr",
                "value": "private_key_pem_pkcs8"
              }
            ]
          ],
          "identity_schema_version": 0
        }
      ]
    }
  ],
  "check_results": null
}
